
Microsoft Visual Studio Solution File, Format Version 12.00
# Visual Studio Version 17
VisualStudioVersion = 17.14.36414.22 d17.14
MinimumVisualStudioVersion = 10.0.40219.1
Project("{FAE04EC0-301F-11D3-BF4B-00C04F79EFBC}") = "04", "04.csproj", "{15979782-F94B-45FC-B7A2-4EA4B9FCB58A}"
EndProject
Global
	GlobalSection(SolutionConfigurationPlatforms) = preSolution
		Debug|Any CPU = Debug|Any CPU
		Release|Any CPU = Release|Any CPU
	EndGlobalSection
	GlobalSection(ProjectConfigurationPlatforms) = postSolution
		{15979782-F94B-45FC-B7A2-4EA4B9FCB58A}.Debug|Any CPU.ActiveCfg = Debug|Any CPU
		{15979782-F94B-45FC-B7A2-4EA4B9FCB58A}.Debug|Any CPU.Build.0 = Debug|Any CPU
		{15979782-F94B-45FC-B7A2-4EA4B9FCB58A}.Release|Any CPU.ActiveCfg = Release|Any CPU
		{15979782-F94B-45FC-B7A2-4EA4B9FCB58A}.Release|Any CPU.Build.0 = Release|Any CPU
	EndGlobalSection
	GlobalSection(SolutionProperties) = preSolution
		HideSolutionNode = FALSE
	EndGlobalSection
	GlobalSection(ExtensibilityGlobals) = postSolution
		SolutionGuid = {429B4AAE-653A-4485-B12D-462F5AD48ADD}
	EndGlobalSection
EndGlobal
