
Microsoft Visual Studio Solution File, Format Version 12.00
# Visual Studio Version 17
VisualStudioVersion = 17.14.36414.22 d17.14
MinimumVisualStudioVersion = 10.0.40219.1
Project("{FAE04EC0-301F-11D3-BF4B-00C04F79EFBC}") = "06", "06.csproj", "{52670A07-A9E5-478A-A92A-4CE3B2E85C4F}"
EndProject
Global
	GlobalSection(SolutionConfigurationPlatforms) = preSolution
		Debug|Any CPU = Debug|Any CPU
		Release|Any CPU = Release|Any CPU
	EndGlobalSection
	GlobalSection(ProjectConfigurationPlatforms) = postSolution
		{52670A07-A9E5-478A-A92A-4CE3B2E85C4F}.Debug|Any CPU.ActiveCfg = Debug|Any CPU
		{52670A07-A9E5-478A-A92A-4CE3B2E85C4F}.Debug|Any CPU.Build.0 = Debug|Any CPU
		{52670A07-A9E5-478A-A92A-4CE3B2E85C4F}.Release|Any CPU.ActiveCfg = Release|Any CPU
		{52670A07-A9E5-478A-A92A-4CE3B2E85C4F}.Release|Any CPU.Build.0 = Release|Any CPU
	EndGlobalSection
	GlobalSection(SolutionProperties) = preSolution
		HideSolutionNode = FALSE
	EndGlobalSection
	GlobalSection(ExtensibilityGlobals) = postSolution
		SolutionGuid = {8AD435A7-0BE9-44F9-967F-10E14B0CDF51}
	EndGlobalSection
EndGlobal
