
Microsoft Visual Studio Solution File, Format Version 12.00
# Visual Studio Version 17
VisualStudioVersion = 17.14.36414.22 d17.14
MinimumVisualStudioVersion = 10.0.40219.1
Project("{FAE04EC0-301F-11D3-BF4B-00C04F79EFBC}") = "01", "01\01.csproj", "{FA780229-877D-4A9E-AD52-507784488904}"
EndProject
Global
	GlobalSection(SolutionConfigurationPlatforms) = preSolution
		Debug|Any CPU = Debug|Any CPU
		Release|Any CPU = Release|Any CPU
	EndGlobalSection
	GlobalSection(ProjectConfigurationPlatforms) = postSolution
		{FA780229-877D-4A9E-AD52-507784488904}.Debug|Any CPU.ActiveCfg = Debug|Any CPU
		{FA780229-877D-4A9E-AD52-507784488904}.Debug|Any CPU.Build.0 = Debug|Any CPU
		{FA780229-877D-4A9E-AD52-507784488904}.Release|Any CPU.ActiveCfg = Release|Any CPU
		{FA780229-877D-4A9E-AD52-507784488904}.Release|Any CPU.Build.0 = Release|Any CPU
	EndGlobalSection
	GlobalSection(SolutionProperties) = preSolution
		HideSolutionNode = FALSE
	EndGlobalSection
	GlobalSection(ExtensibilityGlobals) = postSolution
		SolutionGuid = {B14487F3-6081-4538-96D0-3C2D2878D636}
	EndGlobalSection
EndGlobal
