
Microsoft Visual Studio Solution File, Format Version 12.00
# Visual Studio Version 17
VisualStudioVersion = 17.14.36414.22
MinimumVisualStudioVersion = 10.0.40219.1
Project("{FAE04EC0-301F-11D3-BF4B-00C04F79EFBC}") = "01", "01_Basic\03_Operators_and_Expressions\01\01.csproj", "{96D2A539-CD67-4B1D-8A5A-B61E9AC01234}"
EndProject
Project("{FAE04EC0-301F-11D3-BF4B-00C04F79EFBC}") = "02", "01_Basic\03_Operators_and_Expressions\02\02.csproj", "{A454D760-F167-4879-BC88-E607FD8F8928}"
EndProject
Project("{FAE04EC0-301F-11D3-BF4B-00C04F79EFBC}") = "03", "01_Basic\03_Operators_and_Expressions\03\03.csproj", "{735BC128-F5C0-4B6F-8B2E-CF833BC705AD}"
EndProject
Project("{FAE04EC0-301F-11D3-BF4B-00C04F79EFBC}") = "04", "01_Basic\03_Operators_and_Expressions\04\04.csproj", "{5FCC1935-D4A7-4175-AA7F-CC9EACD3A140}"
EndProject
Project("{FAE04EC0-301F-11D3-BF4B-00C04F79EFBC}") = "05", "01_Basic\03_Operators_and_Expressions\05\05.csproj", "{698B9B72-16F4-4FB8-A9D1-246921B540FB}"
EndProject
Project("{FAE04EC0-301F-11D3-BF4B-00C04F79EFBC}") = "06", "01_Basic\03_Operators_and_Expressions\06\06.csproj", "{EC81C66E-B4AF-42DC-AC0F-CF502C1E08DE}"
EndProject
Project("{FAE04EC0-301F-11D3-BF4B-00C04F79EFBC}") = "07", "01_Basic\03_Operators_and_Expressions\07\07.csproj", "{F0558AD3-EC07-4DAC-AE2A-383CA47E6D69}"
EndProject
Project("{FAE04EC0-301F-11D3-BF4B-00C04F79EFBC}") = "08", "01_Basic\03_Operators_and_Expressions\08\08.csproj", "{B7E29095-4558-4270-8807-8CB25D7A97F0}"
EndProject
Project("{FAE04EC0-301F-11D3-BF4B-00C04F79EFBC}") = "09", "01_Basic\03_Operators_and_Expressions\09\09.csproj", "{5B9B9D41-7814-40A7-A3A4-E2253520D8F9}"
EndProject
Project("{FAE04EC0-301F-11D3-BF4B-00C04F79EFBC}") = "10", "01_Basic\03_Operators_and_Expressions\10\10.csproj", "{A0835E64-78F6-4B9D-B37F-3651BFDB30B8}"
EndProject
Project("{FAE04EC0-301F-11D3-BF4B-00C04F79EFBC}") = "11", "01_Basic\03_Operators_and_Expressions\11\11.csproj", "{7868582E-4518-413A-A8F2-5E5CE500410F}"
EndProject
Project("{FAE04EC0-301F-11D3-BF4B-00C04F79EFBC}") = "12", "01_Basic\03_Operators_and_Expressions\12\12.csproj", "{3E2B5265-7544-4DB3-B177-B5C830606A54}"
EndProject
Project("{FAE04EC0-301F-11D3-BF4B-00C04F79EFBC}") = "13", "01_Basic\03_Operators_and_Expressions\13\13.csproj", "{E7B41076-9D47-4127-852B-65617130CB3B}"
EndProject
Project("{FAE04EC0-301F-11D3-BF4B-00C04F79EFBC}") = "14", "01_Basic\03_Operators_and_Expressions\14\14.csproj", "{B0DC7273-CBE5-4372-A8CA-2436DFD8891E}"
EndProject
Project("{FAE04EC0-301F-11D3-BF4B-00C04F79EFBC}") = "4.01", "01_Basic\04_Console_Input_Output\4.01\4.01.csproj", "{72B3B6A2-26B5-414B-8EFA-444001533F3B}"
EndProject
Project("{FAE04EC0-301F-11D3-BF4B-00C04F79EFBC}") = "4.02", "01_Basic\04_Console_Input_Output\4.02\4.02.csproj", "{BCBCA1A1-D952-446B-AC69-E58EFFE679A4}"
EndProject
Project("{FAE04EC0-301F-11D3-BF4B-00C04F79EFBC}") = "4.03", "01_Basic\04_Console_Input_Output\4.03\4.03.csproj", "{32ACC475-CC64-4C70-8216-5993FB6964FB}"
EndProject
Project("{FAE04EC0-301F-11D3-BF4B-00C04F79EFBC}") = "4.04", "01_Basic\04_Console_Input_Output\4.04\4.04.csproj", "{D62C5406-57C0-4835-B5B1-16EBD498BEA9}"
EndProject
Project("{FAE04EC0-301F-11D3-BF4B-00C04F79EFBC}") = "4.05", "01_Basic\04_Console_Input_Output\4.05\4.05.csproj", "{12C1B0F5-97A0-41D5-9A9B-59F2D51247AA}"
EndProject
Project("{FAE04EC0-301F-11D3-BF4B-00C04F79EFBC}") = "4.06", "01_Basic\04_Console_Input_Output\4.06\4.06.csproj", "{92473570-6A28-44F9-9737-72499020AEE0}"
EndProject
Project("{FAE04EC0-301F-11D3-BF4B-00C04F79EFBC}") = "4.07", "01_Basic\04_Console_Input_Output\4.07\4.07.csproj", "{3878E84C-6D87-48A4-80F3-48EBDE6452CD}"
EndProject
Project("{FAE04EC0-301F-11D3-BF4B-00C04F79EFBC}") = "4.08", "01_Basic\04_Console_Input_Output\4.08\4.08.csproj", "{FCFAD0E0-06D1-4630-BD4D-A8AB117AF27F}"
EndProject
Project("{FAE04EC0-301F-11D3-BF4B-00C04F79EFBC}") = "4.09", "01_Basic\04_Console_Input_Output\4.09\4.09.csproj", "{7190DB96-5E0E-42B2-B897-A4D653A0B39A}"
EndProject
Project("{FAE04EC0-301F-11D3-BF4B-00C04F79EFBC}") = "4.10", "01_Basic\04_Console_Input_Output\4.10\4.10.csproj", "{458609F1-41DB-45A9-8687-317AF38C438B}"
EndProject
Project("{FAE04EC0-301F-11D3-BF4B-00C04F79EFBC}") = "5.01", "01_Basic\05_Conditional_Statements\5.01\5.01.csproj", "{20474356-70E1-4BDF-93B1-5E32307BC4A3}"
EndProject
Project("{FAE04EC0-301F-11D3-BF4B-00C04F79EFBC}") = "5.02", "01_Basic\05_Conditional_Statements\5.02\5.02.csproj", "{AF7D1168-62F5-452D-8AFF-8F80913F2E70}"
EndProject
Project("{FAE04EC0-301F-11D3-BF4B-00C04F79EFBC}") = "5.03", "01_Basic\05_Conditional_Statements\5.03\5.03.csproj", "{A70DD5CC-8214-4241-B767-FBC7ACC6272B}"
EndProject
Project("{FAE04EC0-301F-11D3-BF4B-00C04F79EFBC}") = "5.04", "01_Basic\05_Conditional_Statements\5.04\5.04.csproj", "{39438FD8-1976-476C-BD6A-0D4F3924E5B3}"
EndProject
Project("{FAE04EC0-301F-11D3-BF4B-00C04F79EFBC}") = "5.05", "01_Basic\05_Conditional_Statements\5.05\5.05.csproj", "{F3C86C12-0FA7-46E3-A036-FE6BB9DBC729}"
EndProject
Project("{FAE04EC0-301F-11D3-BF4B-00C04F79EFBC}") = "5.06", "01_Basic\05_Conditional_Statements\5.06\5.06.csproj", "{1DE4923B-B904-495B-A918-BCD4E2B06F33}"
EndProject
Project("{FAE04EC0-301F-11D3-BF4B-00C04F79EFBC}") = "5.07", "01_Basic\05_Conditional_Statements\5.07\5.07.csproj", "{602C664F-5CC2-443A-A337-0C3B4B989A4D}"
EndProject
Project("{FAE04EC0-301F-11D3-BF4B-00C04F79EFBC}") = "5.08", "01_Basic\05_Conditional_Statements\5.08\5.08.csproj", "{D3CEED6F-00BA-411A-87D2-5ECA85A84773}"
EndProject
Project("{FAE04EC0-301F-11D3-BF4B-00C04F79EFBC}") = "5.09", "01_Basic\05_Conditional_Statements\5.09\5.09.csproj", "{7CDDCF1E-F3C7-4BE8-9A05-78A2B4A8A16F}"
EndProject
Project("{FAE04EC0-301F-11D3-BF4B-00C04F79EFBC}") = "6.01", "01_Basic\06_Loops\6.01\6.01.csproj", "{D809753B-53C9-4877-A1FB-12B97873F639}"
EndProject
Project("{FAE04EC0-301F-11D3-BF4B-00C04F79EFBC}") = "6.02", "01_Basic\06_Loops\6.02\6.02.csproj", "{DD5D8695-3FC9-4698-8051-DC27BC0026ED}"
EndProject
Project("{FAE04EC0-301F-11D3-BF4B-00C04F79EFBC}") = "6.03", "01_Basic\06_Loops\6.03\6.03.csproj", "{CA608001-C753-4E9C-B62F-03AD057E10A9}"
EndProject
Project("{FAE04EC0-301F-11D3-BF4B-00C04F79EFBC}") = "6.04", "01_Basic\06_Loops\6.04\6.04.csproj", "{463118DD-C5A9-4C77-B60F-A8201F644B9E}"
EndProject
Project("{FAE04EC0-301F-11D3-BF4B-00C04F79EFBC}") = "6.05", "01_Basic\06_Loops\6.05\6.05.csproj", "{D9C12116-7F62-4C47-908F-D0F6DCCCD7B7}"
EndProject
Project("{FAE04EC0-301F-11D3-BF4B-00C04F79EFBC}") = "6.06", "01_Basic\06_Loops\6.06\6.06.csproj", "{6CF34F2E-63B1-427D-9F4E-44579CFA93EF}"
EndProject
Project("{FAE04EC0-301F-11D3-BF4B-00C04F79EFBC}") = "6.07", "01_Basic\06_Loops\6.07\6.07.csproj", "{2C37EEB9-4585-4558-AE11-F7BF748562A3}"
EndProject
Project("{FAE04EC0-301F-11D3-BF4B-00C04F79EFBC}") = "6.08", "01_Basic\06_Loops\6.08\6.08.csproj", "{8B1DA91D-EB37-4C8D-A94B-83034D3E4B62}"
EndProject
Project("{2150E333-8FDC-42A3-9474-1A3956D46DE8}") = "01_Basic", "01_Basic", "{02EA681E-C7D8-13C7-8484-4AC65E1B71E8}"
EndProject
Project("{2150E333-8FDC-42A3-9474-1A3956D46DE8}") = "03", "03", "{88B1807C-511D-4F4B-8834-A15CBAD4207E}"
EndProject
Project("{2150E333-8FDC-42A3-9474-1A3956D46DE8}") = "04", "04", "{CDCD5BA7-948F-40DA-8E60-E32417544770}"
EndProject
Project("{2150E333-8FDC-42A3-9474-1A3956D46DE8}") = "05", "05", "{12068667-A27F-4728-BD55-D16A92522494}"
EndProject
Project("{2150E333-8FDC-42A3-9474-1A3956D46DE8}") = "06", "06", "{5D88D53C-BC62-4175-98D8-48983C086A41}"
EndProject
Project("{FAE04EC0-301F-11D3-BF4B-00C04F79EFBC}") = "6.09", "01_Basic\06_Loops\6.09\6.09.csproj", "{6A606425-22F5-4D08-BB78-E9F4EF8A6980}"
EndProject
Project("{FAE04EC0-301F-11D3-BF4B-00C04F79EFBC}") = "6.10", "01_Basic\06_Loops\6.10\6.10.csproj", "{49F8F329-2B5E-4F6D-9E96-2321AF1EA96B}"
EndProject
Project("{FAE04EC0-301F-11D3-BF4B-00C04F79EFBC}") = "6.11", "01_Basic\06_Loops\6.11\6.11.csproj", "{6C05FE0B-1D6A-4A33-9617-AB3062298160}"
EndProject
Project("{FAE04EC0-301F-11D3-BF4B-00C04F79EFBC}") = "6.12", "01_Basic\06_Loops\6.12\6.12.csproj", "{F642907C-6633-4437-BE03-DBBEF37FC5A7}"
EndProject
Project("{FAE04EC0-301F-11D3-BF4B-00C04F79EFBC}") = "6.13", "01_Basic\06_Loops\6.13\6.13.csproj", "{DFDB9251-FD5F-40F9-BCC1-7FA4D2DB8FEC}"
EndProject
Project("{FAE04EC0-301F-11D3-BF4B-00C04F79EFBC}") = "6.14", "01_Basic\06_Loops\6.14\6.14.csproj", "{F5CC4379-44D7-4EAE-8EC8-AEFB9C43E8E9}"
EndProject
Project("{FAE04EC0-301F-11D3-BF4B-00C04F79EFBC}") = "6.15", "01_Basic\06_Loops\6.15\6.15.csproj", "{613C64C1-2542-4D8A-946A-957DEE11353C}"
EndProject
Project("{FAE04EC0-301F-11D3-BF4B-00C04F79EFBC}") = "6.16", "01_Basic\06_Loops\6.16\6.16.csproj", "{4740F7CD-B470-4B56-92C7-7AF9A1DB0009}"
EndProject
Global
	GlobalSection(SolutionConfigurationPlatforms) = preSolution
		Debug|Any CPU = Debug|Any CPU
		Release|Any CPU = Release|Any CPU
	EndGlobalSection
	GlobalSection(ProjectConfigurationPlatforms) = postSolution
		{96D2A539-CD67-4B1D-8A5A-B61E9AC01234}.Debug|Any CPU.ActiveCfg = Debug|Any CPU
		{96D2A539-CD67-4B1D-8A5A-B61E9AC01234}.Debug|Any CPU.Build.0 = Debug|Any CPU
		{96D2A539-CD67-4B1D-8A5A-B61E9AC01234}.Release|Any CPU.ActiveCfg = Release|Any CPU
		{96D2A539-CD67-4B1D-8A5A-B61E9AC01234}.Release|Any CPU.Build.0 = Release|Any CPU
		{A454D760-F167-4879-BC88-E607FD8F8928}.Debug|Any CPU.ActiveCfg = Debug|Any CPU
		{A454D760-F167-4879-BC88-E607FD8F8928}.Debug|Any CPU.Build.0 = Debug|Any CPU
		{A454D760-F167-4879-BC88-E607FD8F8928}.Release|Any CPU.ActiveCfg = Release|Any CPU
		{A454D760-F167-4879-BC88-E607FD8F8928}.Release|Any CPU.Build.0 = Release|Any CPU
		{735BC128-F5C0-4B6F-8B2E-CF833BC705AD}.Debug|Any CPU.ActiveCfg = Debug|Any CPU
		{735BC128-F5C0-4B6F-8B2E-CF833BC705AD}.Debug|Any CPU.Build.0 = Debug|Any CPU
		{735BC128-F5C0-4B6F-8B2E-CF833BC705AD}.Release|Any CPU.ActiveCfg = Release|Any CPU
		{735BC128-F5C0-4B6F-8B2E-CF833BC705AD}.Release|Any CPU.Build.0 = Release|Any CPU
		{5FCC1935-D4A7-4175-AA7F-CC9EACD3A140}.Debug|Any CPU.ActiveCfg = Debug|Any CPU
		{5FCC1935-D4A7-4175-AA7F-CC9EACD3A140}.Debug|Any CPU.Build.0 = Debug|Any CPU
		{5FCC1935-D4A7-4175-AA7F-CC9EACD3A140}.Release|Any CPU.ActiveCfg = Release|Any CPU
		{5FCC1935-D4A7-4175-AA7F-CC9EACD3A140}.Release|Any CPU.Build.0 = Release|Any CPU
		{698B9B72-16F4-4FB8-A9D1-246921B540FB}.Debug|Any CPU.ActiveCfg = Debug|Any CPU
		{698B9B72-16F4-4FB8-A9D1-246921B540FB}.Debug|Any CPU.Build.0 = Debug|Any CPU
		{698B9B72-16F4-4FB8-A9D1-246921B540FB}.Release|Any CPU.ActiveCfg = Release|Any CPU
		{698B9B72-16F4-4FB8-A9D1-246921B540FB}.Release|Any CPU.Build.0 = Release|Any CPU
		{EC81C66E-B4AF-42DC-AC0F-CF502C1E08DE}.Debug|Any CPU.ActiveCfg = Debug|Any CPU
		{EC81C66E-B4AF-42DC-AC0F-CF502C1E08DE}.Debug|Any CPU.Build.0 = Debug|Any CPU
		{EC81C66E-B4AF-42DC-AC0F-CF502C1E08DE}.Release|Any CPU.ActiveCfg = Release|Any CPU
		{EC81C66E-B4AF-42DC-AC0F-CF502C1E08DE}.Release|Any CPU.Build.0 = Release|Any CPU
		{F0558AD3-EC07-4DAC-AE2A-383CA47E6D69}.Debug|Any CPU.ActiveCfg = Debug|Any CPU
		{F0558AD3-EC07-4DAC-AE2A-383CA47E6D69}.Debug|Any CPU.Build.0 = Debug|Any CPU
		{F0558AD3-EC07-4DAC-AE2A-383CA47E6D69}.Release|Any CPU.ActiveCfg = Release|Any CPU
		{F0558AD3-EC07-4DAC-AE2A-383CA47E6D69}.Release|Any CPU.Build.0 = Release|Any CPU
		{B7E29095-4558-4270-8807-8CB25D7A97F0}.Debug|Any CPU.ActiveCfg = Debug|Any CPU
		{B7E29095-4558-4270-8807-8CB25D7A97F0}.Debug|Any CPU.Build.0 = Debug|Any CPU
		{B7E29095-4558-4270-8807-8CB25D7A97F0}.Release|Any CPU.ActiveCfg = Release|Any CPU
		{B7E29095-4558-4270-8807-8CB25D7A97F0}.Release|Any CPU.Build.0 = Release|Any CPU
		{5B9B9D41-7814-40A7-A3A4-E2253520D8F9}.Debug|Any CPU.ActiveCfg = Debug|Any CPU
		{5B9B9D41-7814-40A7-A3A4-E2253520D8F9}.Debug|Any CPU.Build.0 = Debug|Any CPU
		{5B9B9D41-7814-40A7-A3A4-E2253520D8F9}.Release|Any CPU.ActiveCfg = Release|Any CPU
		{5B9B9D41-7814-40A7-A3A4-E2253520D8F9}.Release|Any CPU.Build.0 = Release|Any CPU
		{A0835E64-78F6-4B9D-B37F-3651BFDB30B8}.Debug|Any CPU.ActiveCfg = Debug|Any CPU
		{A0835E64-78F6-4B9D-B37F-3651BFDB30B8}.Debug|Any CPU.Build.0 = Debug|Any CPU
		{A0835E64-78F6-4B9D-B37F-3651BFDB30B8}.Release|Any CPU.ActiveCfg = Release|Any CPU
		{A0835E64-78F6-4B9D-B37F-3651BFDB30B8}.Release|Any CPU.Build.0 = Release|Any CPU
		{7868582E-4518-413A-A8F2-5E5CE500410F}.Debug|Any CPU.ActiveCfg = Debug|Any CPU
		{7868582E-4518-413A-A8F2-5E5CE500410F}.Debug|Any CPU.Build.0 = Debug|Any CPU
		{7868582E-4518-413A-A8F2-5E5CE500410F}.Release|Any CPU.ActiveCfg = Release|Any CPU
		{7868582E-4518-413A-A8F2-5E5CE500410F}.Release|Any CPU.Build.0 = Release|Any CPU
		{3E2B5265-7544-4DB3-B177-B5C830606A54}.Debug|Any CPU.ActiveCfg = Debug|Any CPU
		{3E2B5265-7544-4DB3-B177-B5C830606A54}.Debug|Any CPU.Build.0 = Debug|Any CPU
		{3E2B5265-7544-4DB3-B177-B5C830606A54}.Release|Any CPU.ActiveCfg = Release|Any CPU
		{3E2B5265-7544-4DB3-B177-B5C830606A54}.Release|Any CPU.Build.0 = Release|Any CPU
		{E7B41076-9D47-4127-852B-65617130CB3B}.Debug|Any CPU.ActiveCfg = Debug|Any CPU
		{E7B41076-9D47-4127-852B-65617130CB3B}.Debug|Any CPU.Build.0 = Debug|Any CPU
		{E7B41076-9D47-4127-852B-65617130CB3B}.Release|Any CPU.ActiveCfg = Release|Any CPU
		{E7B41076-9D47-4127-852B-65617130CB3B}.Release|Any CPU.Build.0 = Release|Any CPU
		{B0DC7273-CBE5-4372-A8CA-2436DFD8891E}.Debug|Any CPU.ActiveCfg = Debug|Any CPU
		{B0DC7273-CBE5-4372-A8CA-2436DFD8891E}.Debug|Any CPU.Build.0 = Debug|Any CPU
		{B0DC7273-CBE5-4372-A8CA-2436DFD8891E}.Release|Any CPU.ActiveCfg = Release|Any CPU
		{B0DC7273-CBE5-4372-A8CA-2436DFD8891E}.Release|Any CPU.Build.0 = Release|Any CPU
		{72B3B6A2-26B5-414B-8EFA-444001533F3B}.Debug|Any CPU.ActiveCfg = Debug|Any CPU
		{72B3B6A2-26B5-414B-8EFA-444001533F3B}.Debug|Any CPU.Build.0 = Debug|Any CPU
		{72B3B6A2-26B5-414B-8EFA-444001533F3B}.Release|Any CPU.ActiveCfg = Release|Any CPU
		{72B3B6A2-26B5-414B-8EFA-444001533F3B}.Release|Any CPU.Build.0 = Release|Any CPU
		{BCBCA1A1-D952-446B-AC69-E58EFFE679A4}.Debug|Any CPU.ActiveCfg = Debug|Any CPU
		{BCBCA1A1-D952-446B-AC69-E58EFFE679A4}.Debug|Any CPU.Build.0 = Debug|Any CPU
		{BCBCA1A1-D952-446B-AC69-E58EFFE679A4}.Release|Any CPU.ActiveCfg = Release|Any CPU
		{BCBCA1A1-D952-446B-AC69-E58EFFE679A4}.Release|Any CPU.Build.0 = Release|Any CPU
		{32ACC475-CC64-4C70-8216-5993FB6964FB}.Debug|Any CPU.ActiveCfg = Debug|Any CPU
		{32ACC475-CC64-4C70-8216-5993FB6964FB}.Debug|Any CPU.Build.0 = Debug|Any CPU
		{32ACC475-CC64-4C70-8216-5993FB6964FB}.Release|Any CPU.ActiveCfg = Release|Any CPU
		{32ACC475-CC64-4C70-8216-5993FB6964FB}.Release|Any CPU.Build.0 = Release|Any CPU
		{D62C5406-57C0-4835-B5B1-16EBD498BEA9}.Debug|Any CPU.ActiveCfg = Debug|Any CPU
		{D62C5406-57C0-4835-B5B1-16EBD498BEA9}.Debug|Any CPU.Build.0 = Debug|Any CPU
		{D62C5406-57C0-4835-B5B1-16EBD498BEA9}.Release|Any CPU.ActiveCfg = Release|Any CPU
		{D62C5406-57C0-4835-B5B1-16EBD498BEA9}.Release|Any CPU.Build.0 = Release|Any CPU
		{12C1B0F5-97A0-41D5-9A9B-59F2D51247AA}.Debug|Any CPU.ActiveCfg = Debug|Any CPU
		{12C1B0F5-97A0-41D5-9A9B-59F2D51247AA}.Debug|Any CPU.Build.0 = Debug|Any CPU
		{12C1B0F5-97A0-41D5-9A9B-59F2D51247AA}.Release|Any CPU.ActiveCfg = Release|Any CPU
		{12C1B0F5-97A0-41D5-9A9B-59F2D51247AA}.Release|Any CPU.Build.0 = Release|Any CPU
		{92473570-6A28-44F9-9737-72499020AEE0}.Debug|Any CPU.ActiveCfg = Debug|Any CPU
		{92473570-6A28-44F9-9737-72499020AEE0}.Debug|Any CPU.Build.0 = Debug|Any CPU
		{92473570-6A28-44F9-9737-72499020AEE0}.Release|Any CPU.ActiveCfg = Release|Any CPU
		{92473570-6A28-44F9-9737-72499020AEE0}.Release|Any CPU.Build.0 = Release|Any CPU
		{3878E84C-6D87-48A4-80F3-48EBDE6452CD}.Debug|Any CPU.ActiveCfg = Debug|Any CPU
		{3878E84C-6D87-48A4-80F3-48EBDE6452CD}.Debug|Any CPU.Build.0 = Debug|Any CPU
		{3878E84C-6D87-48A4-80F3-48EBDE6452CD}.Release|Any CPU.ActiveCfg = Release|Any CPU
		{3878E84C-6D87-48A4-80F3-48EBDE6452CD}.Release|Any CPU.Build.0 = Release|Any CPU
		{FCFAD0E0-06D1-4630-BD4D-A8AB117AF27F}.Debug|Any CPU.ActiveCfg = Debug|Any CPU
		{FCFAD0E0-06D1-4630-BD4D-A8AB117AF27F}.Debug|Any CPU.Build.0 = Debug|Any CPU
		{FCFAD0E0-06D1-4630-BD4D-A8AB117AF27F}.Release|Any CPU.ActiveCfg = Release|Any CPU
		{FCFAD0E0-06D1-4630-BD4D-A8AB117AF27F}.Release|Any CPU.Build.0 = Release|Any CPU
		{7190DB96-5E0E-42B2-B897-A4D653A0B39A}.Debug|Any CPU.ActiveCfg = Debug|Any CPU
		{7190DB96-5E0E-42B2-B897-A4D653A0B39A}.Debug|Any CPU.Build.0 = Debug|Any CPU
		{7190DB96-5E0E-42B2-B897-A4D653A0B39A}.Release|Any CPU.ActiveCfg = Release|Any CPU
		{7190DB96-5E0E-42B2-B897-A4D653A0B39A}.Release|Any CPU.Build.0 = Release|Any CPU
		{458609F1-41DB-45A9-8687-317AF38C438B}.Debug|Any CPU.ActiveCfg = Debug|Any CPU
		{458609F1-41DB-45A9-8687-317AF38C438B}.Debug|Any CPU.Build.0 = Debug|Any CPU
		{458609F1-41DB-45A9-8687-317AF38C438B}.Release|Any CPU.ActiveCfg = Release|Any CPU
		{458609F1-41DB-45A9-8687-317AF38C438B}.Release|Any CPU.Build.0 = Release|Any CPU
		{20474356-70E1-4BDF-93B1-5E32307BC4A3}.Debug|Any CPU.ActiveCfg = Debug|Any CPU
		{20474356-70E1-4BDF-93B1-5E32307BC4A3}.Debug|Any CPU.Build.0 = Debug|Any CPU
		{20474356-70E1-4BDF-93B1-5E32307BC4A3}.Release|Any CPU.ActiveCfg = Release|Any CPU
		{20474356-70E1-4BDF-93B1-5E32307BC4A3}.Release|Any CPU.Build.0 = Release|Any CPU
		{AF7D1168-62F5-452D-8AFF-8F80913F2E70}.Debug|Any CPU.ActiveCfg = Debug|Any CPU
		{AF7D1168-62F5-452D-8AFF-8F80913F2E70}.Debug|Any CPU.Build.0 = Debug|Any CPU
		{AF7D1168-62F5-452D-8AFF-8F80913F2E70}.Release|Any CPU.ActiveCfg = Release|Any CPU
		{AF7D1168-62F5-452D-8AFF-8F80913F2E70}.Release|Any CPU.Build.0 = Release|Any CPU
		{A70DD5CC-8214-4241-B767-FBC7ACC6272B}.Debug|Any CPU.ActiveCfg = Debug|Any CPU
		{A70DD5CC-8214-4241-B767-FBC7ACC6272B}.Debug|Any CPU.Build.0 = Debug|Any CPU
		{A70DD5CC-8214-4241-B767-FBC7ACC6272B}.Release|Any CPU.ActiveCfg = Release|Any CPU
		{A70DD5CC-8214-4241-B767-FBC7ACC6272B}.Release|Any CPU.Build.0 = Release|Any CPU
		{39438FD8-1976-476C-BD6A-0D4F3924E5B3}.Debug|Any CPU.ActiveCfg = Debug|Any CPU
		{39438FD8-1976-476C-BD6A-0D4F3924E5B3}.Debug|Any CPU.Build.0 = Debug|Any CPU
		{39438FD8-1976-476C-BD6A-0D4F3924E5B3}.Release|Any CPU.ActiveCfg = Release|Any CPU
		{39438FD8-1976-476C-BD6A-0D4F3924E5B3}.Release|Any CPU.Build.0 = Release|Any CPU
		{F3C86C12-0FA7-46E3-A036-FE6BB9DBC729}.Debug|Any CPU.ActiveCfg = Debug|Any CPU
		{F3C86C12-0FA7-46E3-A036-FE6BB9DBC729}.Debug|Any CPU.Build.0 = Debug|Any CPU
		{F3C86C12-0FA7-46E3-A036-FE6BB9DBC729}.Release|Any CPU.ActiveCfg = Release|Any CPU
		{F3C86C12-0FA7-46E3-A036-FE6BB9DBC729}.Release|Any CPU.Build.0 = Release|Any CPU
		{1DE4923B-B904-495B-A918-BCD4E2B06F33}.Debug|Any CPU.ActiveCfg = Debug|Any CPU
		{1DE4923B-B904-495B-A918-BCD4E2B06F33}.Debug|Any CPU.Build.0 = Debug|Any CPU
		{1DE4923B-B904-495B-A918-BCD4E2B06F33}.Release|Any CPU.ActiveCfg = Release|Any CPU
		{1DE4923B-B904-495B-A918-BCD4E2B06F33}.Release|Any CPU.Build.0 = Release|Any CPU
		{602C664F-5CC2-443A-A337-0C3B4B989A4D}.Debug|Any CPU.ActiveCfg = Debug|Any CPU
		{602C664F-5CC2-443A-A337-0C3B4B989A4D}.Debug|Any CPU.Build.0 = Debug|Any CPU
		{602C664F-5CC2-443A-A337-0C3B4B989A4D}.Release|Any CPU.ActiveCfg = Release|Any CPU
		{602C664F-5CC2-443A-A337-0C3B4B989A4D}.Release|Any CPU.Build.0 = Release|Any CPU
		{D3CEED6F-00BA-411A-87D2-5ECA85A84773}.Debug|Any CPU.ActiveCfg = Debug|Any CPU
		{D3CEED6F-00BA-411A-87D2-5ECA85A84773}.Debug|Any CPU.Build.0 = Debug|Any CPU
		{D3CEED6F-00BA-411A-87D2-5ECA85A84773}.Release|Any CPU.ActiveCfg = Release|Any CPU
		{D3CEED6F-00BA-411A-87D2-5ECA85A84773}.Release|Any CPU.Build.0 = Release|Any CPU
		{7CDDCF1E-F3C7-4BE8-9A05-78A2B4A8A16F}.Debug|Any CPU.ActiveCfg = Debug|Any CPU
		{7CDDCF1E-F3C7-4BE8-9A05-78A2B4A8A16F}.Debug|Any CPU.Build.0 = Debug|Any CPU
		{7CDDCF1E-F3C7-4BE8-9A05-78A2B4A8A16F}.Release|Any CPU.ActiveCfg = Release|Any CPU
		{7CDDCF1E-F3C7-4BE8-9A05-78A2B4A8A16F}.Release|Any CPU.Build.0 = Release|Any CPU
		{D809753B-53C9-4877-A1FB-12B97873F639}.Debug|Any CPU.ActiveCfg = Debug|Any CPU
		{D809753B-53C9-4877-A1FB-12B97873F639}.Debug|Any CPU.Build.0 = Debug|Any CPU
		{D809753B-53C9-4877-A1FB-12B97873F639}.Release|Any CPU.ActiveCfg = Release|Any CPU
		{D809753B-53C9-4877-A1FB-12B97873F639}.Release|Any CPU.Build.0 = Release|Any CPU
		{DD5D8695-3FC9-4698-8051-DC27BC0026ED}.Debug|Any CPU.ActiveCfg = Debug|Any CPU
		{DD5D8695-3FC9-4698-8051-DC27BC0026ED}.Debug|Any CPU.Build.0 = Debug|Any CPU
		{DD5D8695-3FC9-4698-8051-DC27BC0026ED}.Release|Any CPU.ActiveCfg = Release|Any CPU
		{DD5D8695-3FC9-4698-8051-DC27BC0026ED}.Release|Any CPU.Build.0 = Release|Any CPU
		{CA608001-C753-4E9C-B62F-03AD057E10A9}.Debug|Any CPU.ActiveCfg = Debug|Any CPU
		{CA608001-C753-4E9C-B62F-03AD057E10A9}.Debug|Any CPU.Build.0 = Debug|Any CPU
		{CA608001-C753-4E9C-B62F-03AD057E10A9}.Release|Any CPU.ActiveCfg = Release|Any CPU
		{CA608001-C753-4E9C-B62F-03AD057E10A9}.Release|Any CPU.Build.0 = Release|Any CPU
		{463118DD-C5A9-4C77-B60F-A8201F644B9E}.Debug|Any CPU.ActiveCfg = Debug|Any CPU
		{463118DD-C5A9-4C77-B60F-A8201F644B9E}.Debug|Any CPU.Build.0 = Debug|Any CPU
		{463118DD-C5A9-4C77-B60F-A8201F644B9E}.Release|Any CPU.ActiveCfg = Release|Any CPU
		{463118DD-C5A9-4C77-B60F-A8201F644B9E}.Release|Any CPU.Build.0 = Release|Any CPU
		{D9C12116-7F62-4C47-908F-D0F6DCCCD7B7}.Debug|Any CPU.ActiveCfg = Debug|Any CPU
		{D9C12116-7F62-4C47-908F-D0F6DCCCD7B7}.Debug|Any CPU.Build.0 = Debug|Any CPU
		{D9C12116-7F62-4C47-908F-D0F6DCCCD7B7}.Release|Any CPU.ActiveCfg = Release|Any CPU
		{D9C12116-7F62-4C47-908F-D0F6DCCCD7B7}.Release|Any CPU.Build.0 = Release|Any CPU
		{6CF34F2E-63B1-427D-9F4E-44579CFA93EF}.Debug|Any CPU.ActiveCfg = Debug|Any CPU
		{6CF34F2E-63B1-427D-9F4E-44579CFA93EF}.Debug|Any CPU.Build.0 = Debug|Any CPU
		{6CF34F2E-63B1-427D-9F4E-44579CFA93EF}.Release|Any CPU.ActiveCfg = Release|Any CPU
		{6CF34F2E-63B1-427D-9F4E-44579CFA93EF}.Release|Any CPU.Build.0 = Release|Any CPU
		{2C37EEB9-4585-4558-AE11-F7BF748562A3}.Debug|Any CPU.ActiveCfg = Debug|Any CPU
		{2C37EEB9-4585-4558-AE11-F7BF748562A3}.Debug|Any CPU.Build.0 = Debug|Any CPU
		{2C37EEB9-4585-4558-AE11-F7BF748562A3}.Release|Any CPU.ActiveCfg = Release|Any CPU
		{2C37EEB9-4585-4558-AE11-F7BF748562A3}.Release|Any CPU.Build.0 = Release|Any CPU
		{8B1DA91D-EB37-4C8D-A94B-83034D3E4B62}.Debug|Any CPU.ActiveCfg = Debug|Any CPU
		{8B1DA91D-EB37-4C8D-A94B-83034D3E4B62}.Debug|Any CPU.Build.0 = Debug|Any CPU
		{8B1DA91D-EB37-4C8D-A94B-83034D3E4B62}.Release|Any CPU.ActiveCfg = Release|Any CPU
		{8B1DA91D-EB37-4C8D-A94B-83034D3E4B62}.Release|Any CPU.Build.0 = Release|Any CPU
		{6A606425-22F5-4D08-BB78-E9F4EF8A6980}.Debug|Any CPU.ActiveCfg = Debug|Any CPU
		{6A606425-22F5-4D08-BB78-E9F4EF8A6980}.Debug|Any CPU.Build.0 = Debug|Any CPU
		{6A606425-22F5-4D08-BB78-E9F4EF8A6980}.Release|Any CPU.ActiveCfg = Release|Any CPU
		{6A606425-22F5-4D08-BB78-E9F4EF8A6980}.Release|Any CPU.Build.0 = Release|Any CPU
		{49F8F329-2B5E-4F6D-9E96-2321AF1EA96B}.Debug|Any CPU.ActiveCfg = Debug|Any CPU
		{49F8F329-2B5E-4F6D-9E96-2321AF1EA96B}.Debug|Any CPU.Build.0 = Debug|Any CPU
		{49F8F329-2B5E-4F6D-9E96-2321AF1EA96B}.Release|Any CPU.ActiveCfg = Release|Any CPU
		{49F8F329-2B5E-4F6D-9E96-2321AF1EA96B}.Release|Any CPU.Build.0 = Release|Any CPU
		{6C05FE0B-1D6A-4A33-9617-AB3062298160}.Debug|Any CPU.ActiveCfg = Debug|Any CPU
		{6C05FE0B-1D6A-4A33-9617-AB3062298160}.Debug|Any CPU.Build.0 = Debug|Any CPU
		{6C05FE0B-1D6A-4A33-9617-AB3062298160}.Release|Any CPU.ActiveCfg = Release|Any CPU
		{6C05FE0B-1D6A-4A33-9617-AB3062298160}.Release|Any CPU.Build.0 = Release|Any CPU
		{F642907C-6633-4437-BE03-DBBEF37FC5A7}.Debug|Any CPU.ActiveCfg = Debug|Any CPU
		{F642907C-6633-4437-BE03-DBBEF37FC5A7}.Debug|Any CPU.Build.0 = Debug|Any CPU
		{F642907C-6633-4437-BE03-DBBEF37FC5A7}.Release|Any CPU.ActiveCfg = Release|Any CPU
		{F642907C-6633-4437-BE03-DBBEF37FC5A7}.Release|Any CPU.Build.0 = Release|Any CPU
		{DFDB9251-FD5F-40F9-BCC1-7FA4D2DB8FEC}.Debug|Any CPU.ActiveCfg = Debug|Any CPU
		{DFDB9251-FD5F-40F9-BCC1-7FA4D2DB8FEC}.Debug|Any CPU.Build.0 = Debug|Any CPU
		{DFDB9251-FD5F-40F9-BCC1-7FA4D2DB8FEC}.Release|Any CPU.ActiveCfg = Release|Any CPU
		{DFDB9251-FD5F-40F9-BCC1-7FA4D2DB8FEC}.Release|Any CPU.Build.0 = Release|Any CPU
		{F5CC4379-44D7-4EAE-8EC8-AEFB9C43E8E9}.Debug|Any CPU.ActiveCfg = Debug|Any CPU
		{F5CC4379-44D7-4EAE-8EC8-AEFB9C43E8E9}.Debug|Any CPU.Build.0 = Debug|Any CPU
		{F5CC4379-44D7-4EAE-8EC8-AEFB9C43E8E9}.Release|Any CPU.ActiveCfg = Release|Any CPU
		{F5CC4379-44D7-4EAE-8EC8-AEFB9C43E8E9}.Release|Any CPU.Build.0 = Release|Any CPU
		{613C64C1-2542-4D8A-946A-957DEE11353C}.Debug|Any CPU.ActiveCfg = Debug|Any CPU
		{613C64C1-2542-4D8A-946A-957DEE11353C}.Debug|Any CPU.Build.0 = Debug|Any CPU
		{613C64C1-2542-4D8A-946A-957DEE11353C}.Release|Any CPU.ActiveCfg = Release|Any CPU
		{613C64C1-2542-4D8A-946A-957DEE11353C}.Release|Any CPU.Build.0 = Release|Any CPU
		{4740F7CD-B470-4B56-92C7-7AF9A1DB0009}.Debug|Any CPU.ActiveCfg = Debug|Any CPU
		{4740F7CD-B470-4B56-92C7-7AF9A1DB0009}.Debug|Any CPU.Build.0 = Debug|Any CPU
		{4740F7CD-B470-4B56-92C7-7AF9A1DB0009}.Release|Any CPU.ActiveCfg = Release|Any CPU
		{4740F7CD-B470-4B56-92C7-7AF9A1DB0009}.Release|Any CPU.Build.0 = Release|Any CPU
	EndGlobalSection
	GlobalSection(SolutionProperties) = preSolution
		HideSolutionNode = FALSE
	EndGlobalSection
	GlobalSection(NestedProjects) = preSolution
		{96D2A539-CD67-4B1D-8A5A-B61E9AC01234} = {88B1807C-511D-4F4B-8834-A15CBAD4207E}
		{A454D760-F167-4879-BC88-E607FD8F8928} = {88B1807C-511D-4F4B-8834-A15CBAD4207E}
		{735BC128-F5C0-4B6F-8B2E-CF833BC705AD} = {88B1807C-511D-4F4B-8834-A15CBAD4207E}
		{5FCC1935-D4A7-4175-AA7F-CC9EACD3A140} = {88B1807C-511D-4F4B-8834-A15CBAD4207E}
		{698B9B72-16F4-4FB8-A9D1-246921B540FB} = {88B1807C-511D-4F4B-8834-A15CBAD4207E}
		{EC81C66E-B4AF-42DC-AC0F-CF502C1E08DE} = {88B1807C-511D-4F4B-8834-A15CBAD4207E}
		{F0558AD3-EC07-4DAC-AE2A-383CA47E6D69} = {88B1807C-511D-4F4B-8834-A15CBAD4207E}
		{B7E29095-4558-4270-8807-8CB25D7A97F0} = {88B1807C-511D-4F4B-8834-A15CBAD4207E}
		{5B9B9D41-7814-40A7-A3A4-E2253520D8F9} = {88B1807C-511D-4F4B-8834-A15CBAD4207E}
		{A0835E64-78F6-4B9D-B37F-3651BFDB30B8} = {88B1807C-511D-4F4B-8834-A15CBAD4207E}
		{7868582E-4518-413A-A8F2-5E5CE500410F} = {88B1807C-511D-4F4B-8834-A15CBAD4207E}
		{3E2B5265-7544-4DB3-B177-B5C830606A54} = {88B1807C-511D-4F4B-8834-A15CBAD4207E}
		{E7B41076-9D47-4127-852B-65617130CB3B} = {88B1807C-511D-4F4B-8834-A15CBAD4207E}
		{B0DC7273-CBE5-4372-A8CA-2436DFD8891E} = {88B1807C-511D-4F4B-8834-A15CBAD4207E}
		{72B3B6A2-26B5-414B-8EFA-444001533F3B} = {CDCD5BA7-948F-40DA-8E60-E32417544770}
		{BCBCA1A1-D952-446B-AC69-E58EFFE679A4} = {CDCD5BA7-948F-40DA-8E60-E32417544770}
		{32ACC475-CC64-4C70-8216-5993FB6964FB} = {CDCD5BA7-948F-40DA-8E60-E32417544770}
		{D62C5406-57C0-4835-B5B1-16EBD498BEA9} = {CDCD5BA7-948F-40DA-8E60-E32417544770}
		{12C1B0F5-97A0-41D5-9A9B-59F2D51247AA} = {CDCD5BA7-948F-40DA-8E60-E32417544770}
		{92473570-6A28-44F9-9737-72499020AEE0} = {CDCD5BA7-948F-40DA-8E60-E32417544770}
		{3878E84C-6D87-48A4-80F3-48EBDE6452CD} = {CDCD5BA7-948F-40DA-8E60-E32417544770}
		{FCFAD0E0-06D1-4630-BD4D-A8AB117AF27F} = {CDCD5BA7-948F-40DA-8E60-E32417544770}
		{7190DB96-5E0E-42B2-B897-A4D653A0B39A} = {CDCD5BA7-948F-40DA-8E60-E32417544770}
		{458609F1-41DB-45A9-8687-317AF38C438B} = {CDCD5BA7-948F-40DA-8E60-E32417544770}
		{20474356-70E1-4BDF-93B1-5E32307BC4A3} = {12068667-A27F-4728-BD55-D16A92522494}
		{AF7D1168-62F5-452D-8AFF-8F80913F2E70} = {12068667-A27F-4728-BD55-D16A92522494}
		{A70DD5CC-8214-4241-B767-FBC7ACC6272B} = {12068667-A27F-4728-BD55-D16A92522494}
		{39438FD8-1976-476C-BD6A-0D4F3924E5B3} = {12068667-A27F-4728-BD55-D16A92522494}
		{F3C86C12-0FA7-46E3-A036-FE6BB9DBC729} = {12068667-A27F-4728-BD55-D16A92522494}
		{1DE4923B-B904-495B-A918-BCD4E2B06F33} = {12068667-A27F-4728-BD55-D16A92522494}
		{602C664F-5CC2-443A-A337-0C3B4B989A4D} = {12068667-A27F-4728-BD55-D16A92522494}
		{D3CEED6F-00BA-411A-87D2-5ECA85A84773} = {12068667-A27F-4728-BD55-D16A92522494}
		{7CDDCF1E-F3C7-4BE8-9A05-78A2B4A8A16F} = {12068667-A27F-4728-BD55-D16A92522494}
		{D809753B-53C9-4877-A1FB-12B97873F639} = {5D88D53C-BC62-4175-98D8-48983C086A41}
		{DD5D8695-3FC9-4698-8051-DC27BC0026ED} = {5D88D53C-BC62-4175-98D8-48983C086A41}
		{CA608001-C753-4E9C-B62F-03AD057E10A9} = {5D88D53C-BC62-4175-98D8-48983C086A41}
		{463118DD-C5A9-4C77-B60F-A8201F644B9E} = {5D88D53C-BC62-4175-98D8-48983C086A41}
		{D9C12116-7F62-4C47-908F-D0F6DCCCD7B7} = {5D88D53C-BC62-4175-98D8-48983C086A41}
		{6CF34F2E-63B1-427D-9F4E-44579CFA93EF} = {5D88D53C-BC62-4175-98D8-48983C086A41}
		{2C37EEB9-4585-4558-AE11-F7BF748562A3} = {5D88D53C-BC62-4175-98D8-48983C086A41}
		{8B1DA91D-EB37-4C8D-A94B-83034D3E4B62} = {5D88D53C-BC62-4175-98D8-48983C086A41}
		{88B1807C-511D-4F4B-8834-A15CBAD4207E} = {02EA681E-C7D8-13C7-8484-4AC65E1B71E8}
		{CDCD5BA7-948F-40DA-8E60-E32417544770} = {02EA681E-C7D8-13C7-8484-4AC65E1B71E8}
		{12068667-A27F-4728-BD55-D16A92522494} = {02EA681E-C7D8-13C7-8484-4AC65E1B71E8}
		{5D88D53C-BC62-4175-98D8-48983C086A41} = {02EA681E-C7D8-13C7-8484-4AC65E1B71E8}
		{6A606425-22F5-4D08-BB78-E9F4EF8A6980} = {5D88D53C-BC62-4175-98D8-48983C086A41}
		{49F8F329-2B5E-4F6D-9E96-2321AF1EA96B} = {5D88D53C-BC62-4175-98D8-48983C086A41}
		{6C05FE0B-1D6A-4A33-9617-AB3062298160} = {5D88D53C-BC62-4175-98D8-48983C086A41}
		{F642907C-6633-4437-BE03-DBBEF37FC5A7} = {5D88D53C-BC62-4175-98D8-48983C086A41}
		{DFDB9251-FD5F-40F9-BCC1-7FA4D2DB8FEC} = {5D88D53C-BC62-4175-98D8-48983C086A41}
		{F5CC4379-44D7-4EAE-8EC8-AEFB9C43E8E9} = {5D88D53C-BC62-4175-98D8-48983C086A41}
		{613C64C1-2542-4D8A-946A-957DEE11353C} = {5D88D53C-BC62-4175-98D8-48983C086A41}
		{4740F7CD-B470-4B56-92C7-7AF9A1DB0009} = {5D88D53C-BC62-4175-98D8-48983C086A41}
	EndGlobalSection
	GlobalSection(ExtensibilityGlobals) = postSolution
		SolutionGuid = {12650D40-098A-4025-85B3-9342DDBD92AD}
	EndGlobalSection
EndGlobal
