
Microsoft Visual Studio Solution File, Format Version 12.00
# Visual Studio Version 17
VisualStudioVersion = 17.14.36414.22
MinimumVisualStudioVersion = 10.0.40219.1
Project("{FAE04EC0-301F-11D3-BF4B-00C04F79EFBC}") = "01", "01_Basic\03_Operators_and_Expressions\01\01.csproj", "{96D2A539-CD67-4B1D-8A5A-B61E9AC01234}"
EndProject
Project("{FAE04EC0-301F-11D3-BF4B-00C04F79EFBC}") = "02", "01_Basic\03_Operators_and_Expressions\02\02.csproj", "{A454D760-F167-4879-BC88-E607FD8F8928}"
EndProject
Project("{FAE04EC0-301F-11D3-BF4B-00C04F79EFBC}") = "03", "01_Basic\03_Operators_and_Expressions\03\03.csproj", "{735BC128-F5C0-4B6F-8B2E-CF833BC705AD}"
EndProject
Project("{FAE04EC0-301F-11D3-BF4B-00C04F79EFBC}") = "04", "01_Basic\03_Operators_and_Expressions\04\04.csproj", "{5FCC1935-D4A7-4175-AA7F-CC9EACD3A140}"
EndProject
Project("{FAE04EC0-301F-11D3-BF4B-00C04F79EFBC}") = "05", "01_Basic\03_Operators_and_Expressions\05\05.csproj", "{698B9B72-16F4-4FB8-A9D1-246921B540FB}"
EndProject
Project("{FAE04EC0-301F-11D3-BF4B-00C04F79EFBC}") = "06", "01_Basic\03_Operators_and_Expressions\06\06.csproj", "{EC81C66E-B4AF-42DC-AC0F-CF502C1E08DE}"
EndProject
Project("{FAE04EC0-301F-11D3-BF4B-00C04F79EFBC}") = "07", "01_Basic\03_Operators_and_Expressions\07\07.csproj", "{F0558AD3-EC07-4DAC-AE2A-383CA47E6D69}"
EndProject
Project("{FAE04EC0-301F-11D3-BF4B-00C04F79EFBC}") = "08", "01_Basic\03_Operators_and_Expressions\08\08.csproj", "{B7E29095-4558-4270-8807-8CB25D7A97F0}"
EndProject
Project("{FAE04EC0-301F-11D3-BF4B-00C04F79EFBC}") = "09", "01_Basic\03_Operators_and_Expressions\09\09.csproj", "{5B9B9D41-7814-40A7-A3A4-E2253520D8F9}"
EndProject
Project("{FAE04EC0-301F-11D3-BF4B-00C04F79EFBC}") = "10", "01_Basic\03_Operators_and_Expressions\10\10.csproj", "{A0835E64-78F6-4B9D-B37F-3651BFDB30B8}"
EndProject
Project("{FAE04EC0-301F-11D3-BF4B-00C04F79EFBC}") = "11", "01_Basic\03_Operators_and_Expressions\11\11.csproj", "{7868582E-4518-413A-A8F2-5E5CE500410F}"
EndProject
Project("{FAE04EC0-301F-11D3-BF4B-00C04F79EFBC}") = "12", "01_Basic\03_Operators_and_Expressions\12\12.csproj", "{3E2B5265-7544-4DB3-B177-B5C830606A54}"
EndProject
Project("{FAE04EC0-301F-11D3-BF4B-00C04F79EFBC}") = "13", "01_Basic\03_Operators_and_Expressions\13\13.csproj", "{E7B41076-9D47-4127-852B-65617130CB3B}"
EndProject
Project("{FAE04EC0-301F-11D3-BF4B-00C04F79EFBC}") = "14", "01_Basic\03_Operators_and_Expressions\14\14.csproj", "{B0DC7273-CBE5-4372-A8CA-2436DFD8891E}"
EndProject
Project("{FAE04EC0-301F-11D3-BF4B-00C04F79EFBC}") = "4.01", "01_Basic\04_Console_Input_Output\4.01\4.01.csproj", "{72B3B6A2-26B5-414B-8EFA-444001533F3B}"
EndProject
Project("{FAE04EC0-301F-11D3-BF4B-00C04F79EFBC}") = "4.02", "01_Basic\04_Console_Input_Output\4.02\4.02.csproj", "{BCBCA1A1-D952-446B-AC69-E58EFFE679A4}"
EndProject
Project("{FAE04EC0-301F-11D3-BF4B-00C04F79EFBC}") = "4.03", "01_Basic\04_Console_Input_Output\4.03\4.03.csproj", "{32ACC475-CC64-4C70-8216-5993FB6964FB}"
EndProject
Project("{FAE04EC0-301F-11D3-BF4B-00C04F79EFBC}") = "4.04", "01_Basic\04_Console_Input_Output\4.04\4.04.csproj", "{D62C5406-57C0-4835-B5B1-16EBD498BEA9}"
EndProject
Project("{FAE04EC0-301F-11D3-BF4B-00C04F79EFBC}") = "4.05", "01_Basic\04_Console_Input_Output\4.05\4.05.csproj", "{12C1B0F5-97A0-41D5-9A9B-59F2D51247AA}"
EndProject
Project("{FAE04EC0-301F-11D3-BF4B-00C04F79EFBC}") = "4.06", "01_Basic\04_Console_Input_Output\4.06\4.06.csproj", "{92473570-6A28-44F9-9737-72499020AEE0}"
EndProject
Project("{FAE04EC0-301F-11D3-BF4B-00C04F79EFBC}") = "4.07", "01_Basic\04_Console_Input_Output\4.07\4.07.csproj", "{3878E84C-6D87-48A4-80F3-48EBDE6452CD}"
EndProject
Project("{FAE04EC0-301F-11D3-BF4B-00C04F79EFBC}") = "4.08", "01_Basic\04_Console_Input_Output\4.08\4.08.csproj", "{FCFAD0E0-06D1-4630-BD4D-A8AB117AF27F}"
EndProject
Project("{FAE04EC0-301F-11D3-BF4B-00C04F79EFBC}") = "4.09", "01_Basic\04_Console_Input_Output\4.09\4.09.csproj", "{7190DB96-5E0E-42B2-B897-A4D653A0B39A}"
EndProject
Project("{FAE04EC0-301F-11D3-BF4B-00C04F79EFBC}") = "4.10", "01_Basic\04_Console_Input_Output\4.10\4.10.csproj", "{458609F1-41DB-45A9-8687-317AF38C438B}"
EndProject
Project("{FAE04EC0-301F-11D3-BF4B-00C04F79EFBC}") = "5.01", "01_Basic\05_Conditional_Statements\5.01\5.01.csproj", "{20474356-70E1-4BDF-93B1-5E32307BC4A3}"
EndProject
Project("{FAE04EC0-301F-11D3-BF4B-00C04F79EFBC}") = "5.02", "01_Basic\05_Conditional_Statements\5.02\5.02.csproj", "{AF7D1168-62F5-452D-8AFF-8F80913F2E70}"
EndProject
Project("{FAE04EC0-301F-11D3-BF4B-00C04F79EFBC}") = "5.03", "01_Basic\05_Conditional_Statements\5.03\5.03.csproj", "{A70DD5CC-8214-4241-B767-FBC7ACC6272B}"
EndProject
Project("{FAE04EC0-301F-11D3-BF4B-00C04F79EFBC}") = "5.04", "01_Basic\05_Conditional_Statements\5.04\5.04.csproj", "{39438FD8-1976-476C-BD6A-0D4F3924E5B3}"
EndProject
Project("{FAE04EC0-301F-11D3-BF4B-00C04F79EFBC}") = "5.05", "01_Basic\05_Conditional_Statements\5.05\5.05.csproj", "{F3C86C12-0FA7-46E3-A036-FE6BB9DBC729}"
EndProject
Project("{FAE04EC0-301F-11D3-BF4B-00C04F79EFBC}") = "5.06", "01_Basic\05_Conditional_Statements\5.06\5.06.csproj", "{1DE4923B-B904-495B-A918-BCD4E2B06F33}"
EndProject
Project("{FAE04EC0-301F-11D3-BF4B-00C04F79EFBC}") = "5.07", "01_Basic\05_Conditional_Statements\5.07\5.07.csproj", "{602C664F-5CC2-443A-A337-0C3B4B989A4D}"
EndProject
Project("{FAE04EC0-301F-11D3-BF4B-00C04F79EFBC}") = "5.08", "01_Basic\05_Conditional_Statements\5.08\5.08.csproj", "{D3CEED6F-00BA-411A-87D2-5ECA85A84773}"
EndProject
Project("{FAE04EC0-301F-11D3-BF4B-00C04F79EFBC}") = "5.09", "01_Basic\05_Conditional_Statements\5.09\5.09.csproj", "{7CDDCF1E-F3C7-4BE8-9A05-78A2B4A8A16F}"
EndProject
Project("{FAE04EC0-301F-11D3-BF4B-00C04F79EFBC}") = "6.01", "01_Basic\06_Loops\6.01\6.01.csproj", "{D809753B-53C9-4877-A1FB-12B97873F639}"
EndProject
Project("{FAE04EC0-301F-11D3-BF4B-00C04F79EFBC}") = "6.02", "01_Basic\06_Loops\6.02\6.02.csproj", "{DD5D8695-3FC9-4698-8051-DC27BC0026ED}"
EndProject
Project("{FAE04EC0-301F-11D3-BF4B-00C04F79EFBC}") = "6.03", "01_Basic\06_Loops\6.03\6.03.csproj", "{CA608001-C753-4E9C-B62F-03AD057E10A9}"
EndProject
Project("{FAE04EC0-301F-11D3-BF4B-00C04F79EFBC}") = "6.04", "01_Basic\06_Loops\6.04\6.04.csproj", "{463118DD-C5A9-4C77-B60F-A8201F644B9E}"
EndProject
Project("{FAE04EC0-301F-11D3-BF4B-00C04F79EFBC}") = "6.05", "01_Basic\06_Loops\6.05\6.05.csproj", "{D9C12116-7F62-4C47-908F-D0F6DCCCD7B7}"
EndProject
Project("{FAE04EC0-301F-11D3-BF4B-00C04F79EFBC}") = "6.06", "01_Basic\06_Loops\6.06\6.06.csproj", "{6CF34F2E-63B1-427D-9F4E-44579CFA93EF}"
EndProject
Project("{FAE04EC0-301F-11D3-BF4B-00C04F79EFBC}") = "6.07", "01_Basic\06_Loops\6.07\6.07.csproj", "{2C37EEB9-4585-4558-AE11-F7BF748562A3}"
EndProject
Project("{FAE04EC0-301F-11D3-BF4B-00C04F79EFBC}") = "6.08", "01_Basic\06_Loops\6.08\6.08.csproj", "{8B1DA91D-EB37-4C8D-A94B-83034D3E4B62}"
EndProject
Project("{2150E333-8FDC-42A3-9474-1A3956D46DE8}") = "01_Basic", "01_Basic", "{02EA681E-C7D8-13C7-8484-4AC65E1B71E8}"
EndProject
Project("{2150E333-8FDC-42A3-9474-1A3956D46DE8}") = "03", "03", "{88B1807C-511D-4F4B-8834-A15CBAD4207E}"
EndProject
Project("{2150E333-8FDC-42A3-9474-1A3956D46DE8}") = "04", "04", "{CDCD5BA7-948F-40DA-8E60-E32417544770}"
EndProject
Project("{2150E333-8FDC-42A3-9474-1A3956D46DE8}") = "05", "05", "{12068667-A27F-4728-BD55-D16A92522494}"
EndProject
Project("{2150E333-8FDC-42A3-9474-1A3956D46DE8}") = "06", "06", "{5D88D53C-BC62-4175-98D8-48983C086A41}"
EndProject
Project("{FAE04EC0-301F-11D3-BF4B-00C04F79EFBC}") = "6.09", "01_Basic\06_Loops\6.09\6.09.csproj", "{6A606425-22F5-4D08-BB78-E9F4EF8A6980}"
EndProject
Project("{FAE04EC0-301F-11D3-BF4B-00C04F79EFBC}") = "6.10", "01_Basic\06_Loops\6.10\6.10.csproj", "{49F8F329-2B5E-4F6D-9E96-2321AF1EA96B}"
EndProject
Project("{FAE04EC0-301F-11D3-BF4B-00C04F79EFBC}") = "6.11", "01_Basic\06_Loops\6.11\6.11.csproj", "{6C05FE0B-1D6A-4A33-9617-AB3062298160}"
EndProject
Project("{FAE04EC0-301F-11D3-BF4B-00C04F79EFBC}") = "6.12", "01_Basic\06_Loops\6.12\6.12.csproj", "{F642907C-6633-4437-BE03-DBBEF37FC5A7}"
EndProject
Project("{FAE04EC0-301F-11D3-BF4B-00C04F79EFBC}") = "6.13", "01_Basic\06_Loops\6.13\6.13.csproj", "{DFDB9251-FD5F-40F9-BCC1-7FA4D2DB8FEC}"
EndProject
Project("{FAE04EC0-301F-11D3-BF4B-00C04F79EFBC}") = "6.14", "01_Basic\06_Loops\6.14\6.14.csproj", "{F5CC4379-44D7-4EAE-8EC8-AEFB9C43E8E9}"
EndProject
Project("{FAE04EC0-301F-11D3-BF4B-00C04F79EFBC}") = "6.15", "01_Basic\06_Loops\6.15\6.15.csproj", "{613C64C1-2542-4D8A-946A-957DEE11353C}"
EndProject
Project("{FAE04EC0-301F-11D3-BF4B-00C04F79EFBC}") = "6.16", "01_Basic\06_Loops\6.16\6.16.csproj", "{4740F7CD-B470-4B56-92C7-7AF9A1DB0009}"
EndProject
Project("{FAE04EC0-301F-11D3-BF4B-00C04F79EFBC}") = "6.17", "01_Basic\06_Loops\6.17\6.17.csproj", "{FEF7D897-3574-4431-BEF5-3079055650B3}"
EndProject
Project("{2150E333-8FDC-42A3-9474-1A3956D46DE8}") = "07", "07", "{04EBB68F-38CA-4007-8C9C-CBC6015B71EB}"
EndProject
Project("{FAE04EC0-301F-11D3-BF4B-00C04F79EFBC}") = "7.01", "01_Basic\07_Arrays\7.01\7.01.csproj", "{B77A22D4-BC9E-42FF-AABF-2C312F8F9F14}"
EndProject
Project("{FAE04EC0-301F-11D3-BF4B-00C04F79EFBC}") = "7.02", "01_Basic\07_Arrays\7.02\7.02.csproj", "{E8A1CF08-2FCC-4B48-A80C-1D737FD8446F}"
EndProject
Project("{FAE04EC0-301F-11D3-BF4B-00C04F79EFBC}") = "7.03", "01_Basic\07_Arrays\7.03\7.03.csproj", "{936F442B-E8FB-4D46-B9F5-1C631CDDE1AE}"
EndProject
Project("{FAE04EC0-301F-11D3-BF4B-00C04F79EFBC}") = "7.04", "01_Basic\07_Arrays\7.04\7.04.csproj", "{613791AD-E5B3-498E-ACDC-47BBAACE1172}"
EndProject
Project("{FAE04EC0-301F-11D3-BF4B-00C04F79EFBC}") = "7.05", "01_Basic\07_Arrays\7.05\7.05.csproj", "{53C9BDD5-7E80-418E-8A6E-C155E64B2AA3}"
EndProject
Project("{FAE04EC0-301F-11D3-BF4B-00C04F79EFBC}") = "7.06", "01_Basic\07_Arrays\7.06\7.06.csproj", "{716BFBE5-CA67-4B45-872E-4DAC00FE9712}"
EndProject
Project("{FAE04EC0-301F-11D3-BF4B-00C04F79EFBC}") = "7.07", "01_Basic\07_Arrays\7.07\7.07.csproj", "{37425BBB-982C-4708-A553-36408FCDB5BD}"
EndProject
Project("{FAE04EC0-301F-11D3-BF4B-00C04F79EFBC}") = "7.08", "01_Basic\07_Arrays\7.08\7.08.csproj", "{187FCDC4-AB4D-4F54-8B92-45F59BD0BEA8}"
EndProject
Project("{FAE04EC0-301F-11D3-BF4B-00C04F79EFBC}") = "7.09", "01_Basic\07_Arrays\7.09\7.09.csproj", "{464D56E4-4A9A-4D3E-BF98-26A6DC5C3C5A}"
EndProject
Project("{FAE04EC0-301F-11D3-BF4B-00C04F79EFBC}") = "7.10", "01_Basic\07_Arrays\7.10\7.10.csproj", "{25C3EE22-5638-4BE9-A25F-E19D666DD676}"
EndProject
Project("{FAE04EC0-301F-11D3-BF4B-00C04F79EFBC}") = "7.11", "01_Basic\07_Arrays\7.11\7.11.csproj", "{064007ED-C296-4642-9246-B65FCF2732A9}"
EndProject
Project("{FAE04EC0-301F-11D3-BF4B-00C04F79EFBC}") = "7.12", "01_Basic\07_Arrays\7.12\7.12.csproj", "{54B0B7AC-017C-41CA-89E1-35B033F593C6}"
EndProject
Project("{FAE04EC0-301F-11D3-BF4B-00C04F79EFBC}") = "7.13", "01_Basic\07_Arrays\7.13\7.13.csproj", "{9327FEE4-ED91-4077-849D-85301E997C14}"
EndProject
Project("{FAE04EC0-301F-11D3-BF4B-00C04F79EFBC}") = "7.14", "01_Basic\07_Arrays\7.14\7.14.csproj", "{D1BAEFAB-95C8-45A4-82C4-E220C3204ECC}"
EndProject
Project("{FAE04EC0-301F-11D3-BF4B-00C04F79EFBC}") = "7.15", "01_Basic\07_Arrays\7.15\7.15.csproj", "{3D9E0C62-232B-46B5-9BF7-7263BC7BE076}"
EndProject
Project("{FAE04EC0-301F-11D3-BF4B-00C04F79EFBC}") = "7.16", "01_Basic\07_Arrays\7.16\7.16.csproj", "{F8274FB4-5058-4A2E-917B-018CA60ACBF3}"
EndProject
Project("{2150E333-8FDC-42A3-9474-1A3956D46DE8}") = "02_Advance", "02_Advance", "{5FDF2DBF-245B-4F21-98EC-B5EF9415D5EC}"
EndProject
Project("{2150E333-8FDC-42A3-9474-1A3956D46DE8}") = "01", "01", "{9A6C9D9C-68BC-4E8E-8BB8-3DCE7CDF432C}"
EndProject
Project("{FAE04EC0-301F-11D3-BF4B-00C04F79EFBC}") = "1.01", "02_Advance\01_Multidimentional_Arrays\1.01\1.01.csproj", "{CC8C7BD8-ADF2-4EA0-94C4-D2844B447988}"
EndProject
Project("{FAE04EC0-301F-11D3-BF4B-00C04F79EFBC}") = "1.02", "02_Advance\01_Multidimentional_Arrays\1.02\1.02.csproj", "{F37E3568-910C-4257-BE55-F6C064B8D50D}"
EndProject
Project("{FAE04EC0-301F-11D3-BF4B-00C04F79EFBC}") = "1.03", "02_Advance\01_Multidimentional_Arrays\1.03\1.03.csproj", "{6732F194-AC4E-451C-BA7A-8A73627AE99A}"
EndProject
Project("{FAE04EC0-301F-11D3-BF4B-00C04F79EFBC}") = "1.04", "02_Advance\01_Multidimentional_Arrays\1.04\1.04.csproj", "{EB1CB497-593F-4457-93A1-E61792BC5B9C}"
EndProject
Project("{FAE04EC0-301F-11D3-BF4B-00C04F79EFBC}") = "1.05", "02_Advance\01_Multidimentional_Arrays\1.05\1.05.csproj", "{18B19859-EDA9-4D63-A286-55FE7E1E7E93}"
EndProject
Project("{FAE04EC0-301F-11D3-BF4B-00C04F79EFBC}") = "1.06", "02_Advance\01_Multidimentional_Arrays\1.06\1.06.csproj", "{6AC0B165-E65E-4950-901F-1EAD131CCF20}"
EndProject
Project("{FAE04EC0-301F-11D3-BF4B-00C04F79EFBC}") = "1.07", "02_Advance\01_Multidimentional_Arrays\1.07\1.07.csproj", "{2B33D722-EB04-4348-8A7F-D7839B5EB952}"
EndProject
Project("{2150E333-8FDC-42A3-9474-1A3956D46DE8}") = "03", "03", "{67A94921-22C3-46AE-AC17-00D0C4D1A5A5}"
EndProject
Project("{FAE04EC0-301F-11D3-BF4B-00C04F79EFBC}") = "3.01", "02_Advance\03_Strings\3.01\3.01.csproj", "{E2CB9DDE-8421-4FFA-9ACB-5CC10F77F570}"
EndProject
Project("{FAE04EC0-301F-11D3-BF4B-00C04F79EFBC}") = "3.02", "02_Advance\03_Strings\3.02\3.02.csproj", "{8578E4CB-3B3A-4A1F-B325-0420C11E9DC4}"
EndProject
Project("{FAE04EC0-301F-11D3-BF4B-00C04F79EFBC}") = "3.03", "02_Advance\03_Strings\3.03\3.03.csproj", "{C39BDD37-A709-49B7-B511-0BABEB2E6667}"
EndProject
Project("{FAE04EC0-301F-11D3-BF4B-00C04F79EFBC}") = "3.04", "02_Advance\03_Strings\3.04\3.04.csproj", "{F96F4B86-CCB7-48EE-B5D1-D08940ECF0D4}"
EndProject
Project("{FAE04EC0-301F-11D3-BF4B-00C04F79EFBC}") = "3.05", "02_Advance\03_Strings\3.05\3.05.csproj", "{0DA70DAB-1C5C-4493-A3CB-4D60B61180EF}"
EndProject
Project("{FAE04EC0-301F-11D3-BF4B-00C04F79EFBC}") = "3.06", "02_Advance\03_Strings\3.06\3.06.csproj", "{899033C7-0AD7-42B9-8A6C-6F7FB5896B21}"
EndProject
Project("{FAE04EC0-301F-11D3-BF4B-00C04F79EFBC}") = "3.07", "02_Advance\03_Strings\3.07\3.07.csproj", "{B06E4A97-D48F-4326-99B6-428BDC2F9D96}"
EndProject
Project("{FAE04EC0-301F-11D3-BF4B-00C04F79EFBC}") = "3.08", "02_Advance\03_Strings\3.08\3.08.csproj", "{30BCABA3-84EF-44C8-A02E-5D96C7BDAB5B}"
EndProject
Project("{FAE04EC0-301F-11D3-BF4B-00C04F79EFBC}") = "3.09", "02_Advance\03_Strings\3.09\3.09.csproj", "{C1307A06-C797-4C03-A84F-28B90CC46C8F}"
EndProject
Project("{FAE04EC0-301F-11D3-BF4B-00C04F79EFBC}") = "3.10", "02_Advance\03_Strings\3.10\3.10.csproj", "{BC9C08DD-A0B6-48C5-AECF-957F00932209}"
EndProject
Project("{FAE04EC0-301F-11D3-BF4B-00C04F79EFBC}") = "3.11", "02_Advance\03_Strings\3.11\3.11.csproj", "{357930B6-26DA-453D-92E1-CED84239A6FF}"
EndProject
Project("{FAE04EC0-301F-11D3-BF4B-00C04F79EFBC}") = "3.12", "02_Advance\03_Strings\3.12\3.12.csproj", "{01D6A67A-C91F-4321-BCC0-E0323C26BC1A}"
EndProject
Project("{FAE04EC0-301F-11D3-BF4B-00C04F79EFBC}") = "3.13", "02_Advance\03_Strings\3.13\3.13.csproj", "{DF2975C5-BA00-4F6D-AA08-AF00288832D1}"
EndProject
Project("{FAE04EC0-301F-11D3-BF4B-00C04F79EFBC}") = "3.14", "02_Advance\03_Strings\3.14\3.14.csproj", "{7628150D-7CA6-4968-9AFB-EFA43E4B09F1}"
EndProject
Project("{FAE04EC0-301F-11D3-BF4B-00C04F79EFBC}") = "3.15", "02_Advance\03_Strings\3.15\3.15.csproj", "{2B0E5673-EDD8-4328-8D1D-D4067AF7604B}"
EndProject
Project("{FAE04EC0-301F-11D3-BF4B-00C04F79EFBC}") = "3.16", "02_Advance\03_Strings\3.16\3.16.csproj", "{2ED82B9E-2B89-49B3-87C2-23F12785DC14}"
EndProject
Project("{FAE04EC0-301F-11D3-BF4B-00C04F79EFBC}") = "3.17", "02_Advance\03_Strings\3.17\3.17.csproj", "{7108FE9F-3B78-42D8-A90F-F67A83CB7BC8}"
EndProject
Project("{FAE04EC0-301F-11D3-BF4B-00C04F79EFBC}") = "3.18", "02_Advance\03_Strings\3.18\3.18.csproj", "{429EE6C7-F136-42D5-9DD9-6FC998B002AA}"
EndProject
Project("{FAE04EC0-301F-11D3-BF4B-00C04F79EFBC}") = "3.19", "02_Advance\03_Strings\3.19\3.19.csproj", "{5B06FD19-E42B-4654-A78D-A4FFEFE09538}"
EndProject
Project("{FAE04EC0-301F-11D3-BF4B-00C04F79EFBC}") = "3.20", "02_Advance\03_Strings\3.20\3.20.csproj", "{CD55A1B4-5CED-4F8B-8992-54586B4FE1F2}"
EndProject
Project("{FAE04EC0-301F-11D3-BF4B-00C04F79EFBC}") = "3.21", "02_Advance\03_Strings\3.21\3.21.csproj", "{5ABC01A1-8D11-4686-8D29-9D4256E8A3D4}"
EndProject
Project("{FAE04EC0-301F-11D3-BF4B-00C04F79EFBC}") = "3.22", "02_Advance\03_Strings\3.22\3.22.csproj", "{AAF73515-2937-4910-B43C-8056C1B6A8CD}"
EndProject
Project("{FAE04EC0-301F-11D3-BF4B-00C04F79EFBC}") = "3.23", "02_Advance\03_Strings\3.23\3.23.csproj", "{87783921-39C1-4DDF-9223-9298770DE206}"
EndProject
Project("{FAE04EC0-301F-11D3-BF4B-00C04F79EFBC}") = "3.24", "02_Advance\03_Strings\3.24\3.24.csproj", "{821B82D5-F929-4AAA-8BE9-0EA923606F99}"
EndProject
Project("{FAE04EC0-301F-11D3-BF4B-00C04F79EFBC}") = "3.25", "02_Advance\03_Strings\3.25\3.25.csproj", "{670EB0FB-121F-40AD-B475-FA5F285EC8A5}"
EndProject
Project("{2150E333-8FDC-42A3-9474-1A3956D46DE8}") = "04", "04", "{D439919C-DC40-4890-8FC1-EBC35D3C8009}"
EndProject
Project("{FAE04EC0-301F-11D3-BF4B-00C04F79EFBC}") = "4.01", "02_Advance\04_Exceptions\4.01\4.01.csproj", "{D2D6AA1A-65E4-4D85-B86B-6F4C7FDDD524}"
EndProject
Project("{FAE04EC0-301F-11D3-BF4B-00C04F79EFBC}") = "4.02", "02_Advance\04_Exceptions\4.02\4.02.csproj", "{474145D3-1C1E-44BF-963C-AE57431B6735}"
EndProject
Project("{FAE04EC0-301F-11D3-BF4B-00C04F79EFBC}") = "4.03", "02_Advance\04_Exceptions\4.03\4.03.csproj", "{083FECA5-1667-41AE-BBCE-615A16E34B8D}"
EndProject
Project("{FAE04EC0-301F-11D3-BF4B-00C04F79EFBC}") = "4.04", "02_Advance\04_Exceptions\4.04\4.04.csproj", "{27B858A8-A6DB-48D5-8DE1-8A0E68F741F1}"
EndProject
Project("{2150E333-8FDC-42A3-9474-1A3956D46DE8}") = "05", "05", "{293F9E1D-0630-4C2D-918D-E5B9C187B87E}"
EndProject
Project("{FAE04EC0-301F-11D3-BF4B-00C04F79EFBC}") = "5.01", "02_Advance\05_Text_Files\5.01\5.01.csproj", "{E66AF6B9-C8C9-4D05-9E98-0CD34466B35F}"
EndProject
Project("{FAE04EC0-301F-11D3-BF4B-00C04F79EFBC}") = "5.02", "02_Advance\05_Text_Files\5.02\5.02.csproj", "{16A03E96-7F5C-42CD-8043-B59A0FE20A23}"
EndProject
Project("{FAE04EC0-301F-11D3-BF4B-00C04F79EFBC}") = "5.03", "02_Advance\05_Text_Files\5.03\5.03.csproj", "{A472B8B3-5310-4CE8-AAE7-3C317FFBF574}"
EndProject
Project("{FAE04EC0-301F-11D3-BF4B-00C04F79EFBC}") = "5.04", "02_Advance\05_Text_Files\5.04\5.04.csproj", "{E76F9889-285B-49B5-B151-960CB087B88A}"
EndProject
Project("{FAE04EC0-301F-11D3-BF4B-00C04F79EFBC}") = "5.05", "02_Advance\05_Text_Files\5.05\5.05.csproj", "{4CA82465-FF7B-4A2E-A916-4136D6374D13}"
EndProject
Project("{FAE04EC0-301F-11D3-BF4B-00C04F79EFBC}") = "5.06", "02_Advance\05_Text_Files\5.06\5.06.csproj", "{191C35FF-611E-4347-9147-70FD3D0090C3}"
EndProject
Project("{FAE04EC0-301F-11D3-BF4B-00C04F79EFBC}") = "5.07", "02_Advance\05_Text_Files\5.07\5.07.csproj", "{E975874A-4641-4C9F-91D0-6356D7F6FAA4}"
EndProject
Project("{FAE04EC0-301F-11D3-BF4B-00C04F79EFBC}") = "5.08", "02_Advance\05_Text_Files\5.08\5.08.csproj", "{07428A3F-C7D7-4DBD-8BDB-91D9414CF751}"
EndProject
Project("{FAE04EC0-301F-11D3-BF4B-00C04F79EFBC}") = "5.09", "02_Advance\05_Text_Files\5.09\5.09.csproj", "{AC321F9A-B739-4FF4-BB1C-8F4D5F154A83}"
EndProject
Project("{FAE04EC0-301F-11D3-BF4B-00C04F79EFBC}") = "5.10", "02_Advance\05_Text_Files\5.10\5.10.csproj", "{92B71C1A-AF9E-42F5-8D4E-4A6145C5D0E9}"
EndProject
Project("{FAE04EC0-301F-11D3-BF4B-00C04F79EFBC}") = "5.11", "02_Advance\05_Text_Files\5.11\5.11.csproj", "{71418F8E-7D25-493A-8051-85B303A0C1E4}"
EndProject
Project("{FAE04EC0-301F-11D3-BF4B-00C04F79EFBC}") = "5.12", "02_Advance\05_Text_Files\5.12\5.12.csproj", "{DCAA1A12-5424-45B0-BBF6-231A9AD7E9D2}"
EndProject
Project("{FAE04EC0-301F-11D3-BF4B-00C04F79EFBC}") = "5.13", "02_Advance\05_Text_Files\5.13\5.13.csproj", "{D96064E3-8421-4FB9-9008-A8DE0A8B38BD}"
EndProject
Project("{2150E333-8FDC-42A3-9474-1A3956D46DE8}") = "03_OOP_Principles", "03_OOP_Principles", "{9D3705EF-5FB5-4200-8116-A4771AFE20EA}"
EndProject
Project("{FAE04EC0-301F-11D3-BF4B-00C04F79EFBC}") = "04.01", "03_OOP_Principles\04_Defining_Classes\04.01\04.01.csproj", "{EB939280-A67C-46A6-BF06-6A0E26DBABDA}"
EndProject
Project("{FAE04EC0-301F-11D3-BF4B-00C04F79EFBC}") = "04.02", "03_OOP_Principles\04_Defining_Classes\04.02\04.02.csproj", "{E39086F5-D8E4-4BB2-A1B7-EAA5DC4D70EA}"
EndProject
Project("{2150E333-8FDC-42A3-9474-1A3956D46DE8}") = "04", "04", "{35693B21-E238-4DA0-971B-C9C6896995A1}"
EndProject
Project("{2150E333-8FDC-42A3-9474-1A3956D46DE8}") = "05", "05", "{39FC500B-3D6B-4E0F-BC4B-FD43D7ACB152}"
EndProject
Project("{FAE04EC0-301F-11D3-BF4B-00C04F79EFBC}") = "School", "03_OOP_Principles\05_OOP_Principles\05.01\School.csproj", "{E22AAB16-6C9B-4902-85C4-A2437665DB4E}"
EndProject
Project("{FAE04EC0-301F-11D3-BF4B-00C04F79EFBC}") = "StudentsAndWorkers", "03_OOP_Principles\05_OOP_Principles\05.02\StudentsAndWorkers.csproj", "{0127759A-14AB-FA42-F4B6-28401117FBF3}"
EndProject
Project("{FAE04EC0-301F-11D3-BF4B-00C04F79EFBC}") = "AnimalHierarchy", "03_OOP_Principles\05_OOP_Principles\05.03\AnimalHierarchy.csproj", "{1FF32260-EBF2-4CA4-B9FE-14DC03280C64}"
EndProject
Project("{FAE04EC0-301F-11D3-BF4B-00C04F79EFBC}") = "Shapes", "03_OOP_Principles\05_OOP_Principles\Shapes\Shapes.csproj", "{E9A98C2C-294F-4CD4-A0BA-813010BFA2FB}"
EndProject
Project("{FAE04EC0-301F-11D3-BF4B-00C04F79EFBC}") = "BankAccounts", "03_OOP_Principles\05_OOP_Principles\BankAccounts\BankAccounts.csproj", "{66E00F74-56A1-4935-B731-72CCE91EDE9B}"
EndProject
Project("{FAE04EC0-301F-11D3-BF4B-00C04F79EFBC}") = "RangeExceptions", "03_OOP_Principles\05_OOP_Principles\RangeExceptions\RangeExceptions.csproj", "{C1AA4DB3-05AC-4118-929A-D55C5ED9C9BE}"
EndProject
Project("{2150E333-8FDC-42A3-9474-1A3956D46DE8}") = "06", "06", "{FD84B162-24A1-4F43-B1CF-B36A2C07653A}"
EndProject
Project("{FAE04EC0-301F-11D3-BF4B-00C04F79EFBC}") = "06", "03_OOP_Principles\06_Common_Type_System\06\06.csproj", "{916FD298-39D3-44CD-88B6-450D238D8765}"
EndProject
Project("{2150E333-8FDC-42A3-9474-1A3956D46DE8}") = "08_DB", "08_DB", "{7D22B512-DE21-4745-9D34-9E2B43830FD9}"
EndProject
Global
	GlobalSection(SolutionConfigurationPlatforms) = preSolution
		Debug|Any CPU = Debug|Any CPU
		Release|Any CPU = Release|Any CPU
	EndGlobalSection
	GlobalSection(ProjectConfigurationPlatforms) = postSolution
		{96D2A539-CD67-4B1D-8A5A-B61E9AC01234}.Debug|Any CPU.ActiveCfg = Debug|Any CPU
		{96D2A539-CD67-4B1D-8A5A-B61E9AC01234}.Debug|Any CPU.Build.0 = Debug|Any CPU
		{96D2A539-CD67-4B1D-8A5A-B61E9AC01234}.Release|Any CPU.ActiveCfg = Release|Any CPU
		{96D2A539-CD67-4B1D-8A5A-B61E9AC01234}.Release|Any CPU.Build.0 = Release|Any CPU
		{A454D760-F167-4879-BC88-E607FD8F8928}.Debug|Any CPU.ActiveCfg = Debug|Any CPU
		{A454D760-F167-4879-BC88-E607FD8F8928}.Debug|Any CPU.Build.0 = Debug|Any CPU
		{A454D760-F167-4879-BC88-E607FD8F8928}.Release|Any CPU.ActiveCfg = Release|Any CPU
		{A454D760-F167-4879-BC88-E607FD8F8928}.Release|Any CPU.Build.0 = Release|Any CPU
		{735BC128-F5C0-4B6F-8B2E-CF833BC705AD}.Debug|Any CPU.ActiveCfg = Debug|Any CPU
		{735BC128-F5C0-4B6F-8B2E-CF833BC705AD}.Debug|Any CPU.Build.0 = Debug|Any CPU
		{735BC128-F5C0-4B6F-8B2E-CF833BC705AD}.Release|Any CPU.ActiveCfg = Release|Any CPU
		{735BC128-F5C0-4B6F-8B2E-CF833BC705AD}.Release|Any CPU.Build.0 = Release|Any CPU
		{5FCC1935-D4A7-4175-AA7F-CC9EACD3A140}.Debug|Any CPU.ActiveCfg = Debug|Any CPU
		{5FCC1935-D4A7-4175-AA7F-CC9EACD3A140}.Debug|Any CPU.Build.0 = Debug|Any CPU
		{5FCC1935-D4A7-4175-AA7F-CC9EACD3A140}.Release|Any CPU.ActiveCfg = Release|Any CPU
		{5FCC1935-D4A7-4175-AA7F-CC9EACD3A140}.Release|Any CPU.Build.0 = Release|Any CPU
		{698B9B72-16F4-4FB8-A9D1-246921B540FB}.Debug|Any CPU.ActiveCfg = Debug|Any CPU
		{698B9B72-16F4-4FB8-A9D1-246921B540FB}.Debug|Any CPU.Build.0 = Debug|Any CPU
		{698B9B72-16F4-4FB8-A9D1-246921B540FB}.Release|Any CPU.ActiveCfg = Release|Any CPU
		{698B9B72-16F4-4FB8-A9D1-246921B540FB}.Release|Any CPU.Build.0 = Release|Any CPU
		{EC81C66E-B4AF-42DC-AC0F-CF502C1E08DE}.Debug|Any CPU.ActiveCfg = Debug|Any CPU
		{EC81C66E-B4AF-42DC-AC0F-CF502C1E08DE}.Debug|Any CPU.Build.0 = Debug|Any CPU
		{EC81C66E-B4AF-42DC-AC0F-CF502C1E08DE}.Release|Any CPU.ActiveCfg = Release|Any CPU
		{EC81C66E-B4AF-42DC-AC0F-CF502C1E08DE}.Release|Any CPU.Build.0 = Release|Any CPU
		{F0558AD3-EC07-4DAC-AE2A-383CA47E6D69}.Debug|Any CPU.ActiveCfg = Debug|Any CPU
		{F0558AD3-EC07-4DAC-AE2A-383CA47E6D69}.Debug|Any CPU.Build.0 = Debug|Any CPU
		{F0558AD3-EC07-4DAC-AE2A-383CA47E6D69}.Release|Any CPU.ActiveCfg = Release|Any CPU
		{F0558AD3-EC07-4DAC-AE2A-383CA47E6D69}.Release|Any CPU.Build.0 = Release|Any CPU
		{B7E29095-4558-4270-8807-8CB25D7A97F0}.Debug|Any CPU.ActiveCfg = Debug|Any CPU
		{B7E29095-4558-4270-8807-8CB25D7A97F0}.Debug|Any CPU.Build.0 = Debug|Any CPU
		{B7E29095-4558-4270-8807-8CB25D7A97F0}.Release|Any CPU.ActiveCfg = Release|Any CPU
		{B7E29095-4558-4270-8807-8CB25D7A97F0}.Release|Any CPU.Build.0 = Release|Any CPU
		{5B9B9D41-7814-40A7-A3A4-E2253520D8F9}.Debug|Any CPU.ActiveCfg = Debug|Any CPU
		{5B9B9D41-7814-40A7-A3A4-E2253520D8F9}.Debug|Any CPU.Build.0 = Debug|Any CPU
		{5B9B9D41-7814-40A7-A3A4-E2253520D8F9}.Release|Any CPU.ActiveCfg = Release|Any CPU
		{5B9B9D41-7814-40A7-A3A4-E2253520D8F9}.Release|Any CPU.Build.0 = Release|Any CPU
		{A0835E64-78F6-4B9D-B37F-3651BFDB30B8}.Debug|Any CPU.ActiveCfg = Debug|Any CPU
		{A0835E64-78F6-4B9D-B37F-3651BFDB30B8}.Debug|Any CPU.Build.0 = Debug|Any CPU
		{A0835E64-78F6-4B9D-B37F-3651BFDB30B8}.Release|Any CPU.ActiveCfg = Release|Any CPU
		{A0835E64-78F6-4B9D-B37F-3651BFDB30B8}.Release|Any CPU.Build.0 = Release|Any CPU
		{7868582E-4518-413A-A8F2-5E5CE500410F}.Debug|Any CPU.ActiveCfg = Debug|Any CPU
		{7868582E-4518-413A-A8F2-5E5CE500410F}.Debug|Any CPU.Build.0 = Debug|Any CPU
		{7868582E-4518-413A-A8F2-5E5CE500410F}.Release|Any CPU.ActiveCfg = Release|Any CPU
		{7868582E-4518-413A-A8F2-5E5CE500410F}.Release|Any CPU.Build.0 = Release|Any CPU
		{3E2B5265-7544-4DB3-B177-B5C830606A54}.Debug|Any CPU.ActiveCfg = Debug|Any CPU
		{3E2B5265-7544-4DB3-B177-B5C830606A54}.Debug|Any CPU.Build.0 = Debug|Any CPU
		{3E2B5265-7544-4DB3-B177-B5C830606A54}.Release|Any CPU.ActiveCfg = Release|Any CPU
		{3E2B5265-7544-4DB3-B177-B5C830606A54}.Release|Any CPU.Build.0 = Release|Any CPU
		{E7B41076-9D47-4127-852B-65617130CB3B}.Debug|Any CPU.ActiveCfg = Debug|Any CPU
		{E7B41076-9D47-4127-852B-65617130CB3B}.Debug|Any CPU.Build.0 = Debug|Any CPU
		{E7B41076-9D47-4127-852B-65617130CB3B}.Release|Any CPU.ActiveCfg = Release|Any CPU
		{E7B41076-9D47-4127-852B-65617130CB3B}.Release|Any CPU.Build.0 = Release|Any CPU
		{B0DC7273-CBE5-4372-A8CA-2436DFD8891E}.Debug|Any CPU.ActiveCfg = Debug|Any CPU
		{B0DC7273-CBE5-4372-A8CA-2436DFD8891E}.Debug|Any CPU.Build.0 = Debug|Any CPU
		{B0DC7273-CBE5-4372-A8CA-2436DFD8891E}.Release|Any CPU.ActiveCfg = Release|Any CPU
		{B0DC7273-CBE5-4372-A8CA-2436DFD8891E}.Release|Any CPU.Build.0 = Release|Any CPU
		{72B3B6A2-26B5-414B-8EFA-444001533F3B}.Debug|Any CPU.ActiveCfg = Debug|Any CPU
		{72B3B6A2-26B5-414B-8EFA-444001533F3B}.Debug|Any CPU.Build.0 = Debug|Any CPU
		{72B3B6A2-26B5-414B-8EFA-444001533F3B}.Release|Any CPU.ActiveCfg = Release|Any CPU
		{72B3B6A2-26B5-414B-8EFA-444001533F3B}.Release|Any CPU.Build.0 = Release|Any CPU
		{BCBCA1A1-D952-446B-AC69-E58EFFE679A4}.Debug|Any CPU.ActiveCfg = Debug|Any CPU
		{BCBCA1A1-D952-446B-AC69-E58EFFE679A4}.Debug|Any CPU.Build.0 = Debug|Any CPU
		{BCBCA1A1-D952-446B-AC69-E58EFFE679A4}.Release|Any CPU.ActiveCfg = Release|Any CPU
		{BCBCA1A1-D952-446B-AC69-E58EFFE679A4}.Release|Any CPU.Build.0 = Release|Any CPU
		{32ACC475-CC64-4C70-8216-5993FB6964FB}.Debug|Any CPU.ActiveCfg = Debug|Any CPU
		{32ACC475-CC64-4C70-8216-5993FB6964FB}.Debug|Any CPU.Build.0 = Debug|Any CPU
		{32ACC475-CC64-4C70-8216-5993FB6964FB}.Release|Any CPU.ActiveCfg = Release|Any CPU
		{32ACC475-CC64-4C70-8216-5993FB6964FB}.Release|Any CPU.Build.0 = Release|Any CPU
		{D62C5406-57C0-4835-B5B1-16EBD498BEA9}.Debug|Any CPU.ActiveCfg = Debug|Any CPU
		{D62C5406-57C0-4835-B5B1-16EBD498BEA9}.Debug|Any CPU.Build.0 = Debug|Any CPU
		{D62C5406-57C0-4835-B5B1-16EBD498BEA9}.Release|Any CPU.ActiveCfg = Release|Any CPU
		{D62C5406-57C0-4835-B5B1-16EBD498BEA9}.Release|Any CPU.Build.0 = Release|Any CPU
		{12C1B0F5-97A0-41D5-9A9B-59F2D51247AA}.Debug|Any CPU.ActiveCfg = Debug|Any CPU
		{12C1B0F5-97A0-41D5-9A9B-59F2D51247AA}.Debug|Any CPU.Build.0 = Debug|Any CPU
		{12C1B0F5-97A0-41D5-9A9B-59F2D51247AA}.Release|Any CPU.ActiveCfg = Release|Any CPU
		{12C1B0F5-97A0-41D5-9A9B-59F2D51247AA}.Release|Any CPU.Build.0 = Release|Any CPU
		{92473570-6A28-44F9-9737-72499020AEE0}.Debug|Any CPU.ActiveCfg = Debug|Any CPU
		{92473570-6A28-44F9-9737-72499020AEE0}.Debug|Any CPU.Build.0 = Debug|Any CPU
		{92473570-6A28-44F9-9737-72499020AEE0}.Release|Any CPU.ActiveCfg = Release|Any CPU
		{92473570-6A28-44F9-9737-72499020AEE0}.Release|Any CPU.Build.0 = Release|Any CPU
		{3878E84C-6D87-48A4-80F3-48EBDE6452CD}.Debug|Any CPU.ActiveCfg = Debug|Any CPU
		{3878E84C-6D87-48A4-80F3-48EBDE6452CD}.Debug|Any CPU.Build.0 = Debug|Any CPU
		{3878E84C-6D87-48A4-80F3-48EBDE6452CD}.Release|Any CPU.ActiveCfg = Release|Any CPU
		{3878E84C-6D87-48A4-80F3-48EBDE6452CD}.Release|Any CPU.Build.0 = Release|Any CPU
		{FCFAD0E0-06D1-4630-BD4D-A8AB117AF27F}.Debug|Any CPU.ActiveCfg = Debug|Any CPU
		{FCFAD0E0-06D1-4630-BD4D-A8AB117AF27F}.Debug|Any CPU.Build.0 = Debug|Any CPU
		{FCFAD0E0-06D1-4630-BD4D-A8AB117AF27F}.Release|Any CPU.ActiveCfg = Release|Any CPU
		{FCFAD0E0-06D1-4630-BD4D-A8AB117AF27F}.Release|Any CPU.Build.0 = Release|Any CPU
		{7190DB96-5E0E-42B2-B897-A4D653A0B39A}.Debug|Any CPU.ActiveCfg = Debug|Any CPU
		{7190DB96-5E0E-42B2-B897-A4D653A0B39A}.Debug|Any CPU.Build.0 = Debug|Any CPU
		{7190DB96-5E0E-42B2-B897-A4D653A0B39A}.Release|Any CPU.ActiveCfg = Release|Any CPU
		{7190DB96-5E0E-42B2-B897-A4D653A0B39A}.Release|Any CPU.Build.0 = Release|Any CPU
		{458609F1-41DB-45A9-8687-317AF38C438B}.Debug|Any CPU.ActiveCfg = Debug|Any CPU
		{458609F1-41DB-45A9-8687-317AF38C438B}.Debug|Any CPU.Build.0 = Debug|Any CPU
		{458609F1-41DB-45A9-8687-317AF38C438B}.Release|Any CPU.ActiveCfg = Release|Any CPU
		{458609F1-41DB-45A9-8687-317AF38C438B}.Release|Any CPU.Build.0 = Release|Any CPU
		{20474356-70E1-4BDF-93B1-5E32307BC4A3}.Debug|Any CPU.ActiveCfg = Debug|Any CPU
		{20474356-70E1-4BDF-93B1-5E32307BC4A3}.Debug|Any CPU.Build.0 = Debug|Any CPU
		{20474356-70E1-4BDF-93B1-5E32307BC4A3}.Release|Any CPU.ActiveCfg = Release|Any CPU
		{20474356-70E1-4BDF-93B1-5E32307BC4A3}.Release|Any CPU.Build.0 = Release|Any CPU
		{AF7D1168-62F5-452D-8AFF-8F80913F2E70}.Debug|Any CPU.ActiveCfg = Debug|Any CPU
		{AF7D1168-62F5-452D-8AFF-8F80913F2E70}.Debug|Any CPU.Build.0 = Debug|Any CPU
		{AF7D1168-62F5-452D-8AFF-8F80913F2E70}.Release|Any CPU.ActiveCfg = Release|Any CPU
		{AF7D1168-62F5-452D-8AFF-8F80913F2E70}.Release|Any CPU.Build.0 = Release|Any CPU
		{A70DD5CC-8214-4241-B767-FBC7ACC6272B}.Debug|Any CPU.ActiveCfg = Debug|Any CPU
		{A70DD5CC-8214-4241-B767-FBC7ACC6272B}.Debug|Any CPU.Build.0 = Debug|Any CPU
		{A70DD5CC-8214-4241-B767-FBC7ACC6272B}.Release|Any CPU.ActiveCfg = Release|Any CPU
		{A70DD5CC-8214-4241-B767-FBC7ACC6272B}.Release|Any CPU.Build.0 = Release|Any CPU
		{39438FD8-1976-476C-BD6A-0D4F3924E5B3}.Debug|Any CPU.ActiveCfg = Debug|Any CPU
		{39438FD8-1976-476C-BD6A-0D4F3924E5B3}.Debug|Any CPU.Build.0 = Debug|Any CPU
		{39438FD8-1976-476C-BD6A-0D4F3924E5B3}.Release|Any CPU.ActiveCfg = Release|Any CPU
		{39438FD8-1976-476C-BD6A-0D4F3924E5B3}.Release|Any CPU.Build.0 = Release|Any CPU
		{F3C86C12-0FA7-46E3-A036-FE6BB9DBC729}.Debug|Any CPU.ActiveCfg = Debug|Any CPU
		{F3C86C12-0FA7-46E3-A036-FE6BB9DBC729}.Debug|Any CPU.Build.0 = Debug|Any CPU
		{F3C86C12-0FA7-46E3-A036-FE6BB9DBC729}.Release|Any CPU.ActiveCfg = Release|Any CPU
		{F3C86C12-0FA7-46E3-A036-FE6BB9DBC729}.Release|Any CPU.Build.0 = Release|Any CPU
		{1DE4923B-B904-495B-A918-BCD4E2B06F33}.Debug|Any CPU.ActiveCfg = Debug|Any CPU
		{1DE4923B-B904-495B-A918-BCD4E2B06F33}.Debug|Any CPU.Build.0 = Debug|Any CPU
		{1DE4923B-B904-495B-A918-BCD4E2B06F33}.Release|Any CPU.ActiveCfg = Release|Any CPU
		{1DE4923B-B904-495B-A918-BCD4E2B06F33}.Release|Any CPU.Build.0 = Release|Any CPU
		{602C664F-5CC2-443A-A337-0C3B4B989A4D}.Debug|Any CPU.ActiveCfg = Debug|Any CPU
		{602C664F-5CC2-443A-A337-0C3B4B989A4D}.Debug|Any CPU.Build.0 = Debug|Any CPU
		{602C664F-5CC2-443A-A337-0C3B4B989A4D}.Release|Any CPU.ActiveCfg = Release|Any CPU
		{602C664F-5CC2-443A-A337-0C3B4B989A4D}.Release|Any CPU.Build.0 = Release|Any CPU
		{D3CEED6F-00BA-411A-87D2-5ECA85A84773}.Debug|Any CPU.ActiveCfg = Debug|Any CPU
		{D3CEED6F-00BA-411A-87D2-5ECA85A84773}.Debug|Any CPU.Build.0 = Debug|Any CPU
		{D3CEED6F-00BA-411A-87D2-5ECA85A84773}.Release|Any CPU.ActiveCfg = Release|Any CPU
		{D3CEED6F-00BA-411A-87D2-5ECA85A84773}.Release|Any CPU.Build.0 = Release|Any CPU
		{7CDDCF1E-F3C7-4BE8-9A05-78A2B4A8A16F}.Debug|Any CPU.ActiveCfg = Debug|Any CPU
		{7CDDCF1E-F3C7-4BE8-9A05-78A2B4A8A16F}.Debug|Any CPU.Build.0 = Debug|Any CPU
		{7CDDCF1E-F3C7-4BE8-9A05-78A2B4A8A16F}.Release|Any CPU.ActiveCfg = Release|Any CPU
		{7CDDCF1E-F3C7-4BE8-9A05-78A2B4A8A16F}.Release|Any CPU.Build.0 = Release|Any CPU
		{D809753B-53C9-4877-A1FB-12B97873F639}.Debug|Any CPU.ActiveCfg = Debug|Any CPU
		{D809753B-53C9-4877-A1FB-12B97873F639}.Debug|Any CPU.Build.0 = Debug|Any CPU
		{D809753B-53C9-4877-A1FB-12B97873F639}.Release|Any CPU.ActiveCfg = Release|Any CPU
		{D809753B-53C9-4877-A1FB-12B97873F639}.Release|Any CPU.Build.0 = Release|Any CPU
		{DD5D8695-3FC9-4698-8051-DC27BC0026ED}.Debug|Any CPU.ActiveCfg = Debug|Any CPU
		{DD5D8695-3FC9-4698-8051-DC27BC0026ED}.Debug|Any CPU.Build.0 = Debug|Any CPU
		{DD5D8695-3FC9-4698-8051-DC27BC0026ED}.Release|Any CPU.ActiveCfg = Release|Any CPU
		{DD5D8695-3FC9-4698-8051-DC27BC0026ED}.Release|Any CPU.Build.0 = Release|Any CPU
		{CA608001-C753-4E9C-B62F-03AD057E10A9}.Debug|Any CPU.ActiveCfg = Debug|Any CPU
		{CA608001-C753-4E9C-B62F-03AD057E10A9}.Debug|Any CPU.Build.0 = Debug|Any CPU
		{CA608001-C753-4E9C-B62F-03AD057E10A9}.Release|Any CPU.ActiveCfg = Release|Any CPU
		{CA608001-C753-4E9C-B62F-03AD057E10A9}.Release|Any CPU.Build.0 = Release|Any CPU
		{463118DD-C5A9-4C77-B60F-A8201F644B9E}.Debug|Any CPU.ActiveCfg = Debug|Any CPU
		{463118DD-C5A9-4C77-B60F-A8201F644B9E}.Debug|Any CPU.Build.0 = Debug|Any CPU
		{463118DD-C5A9-4C77-B60F-A8201F644B9E}.Release|Any CPU.ActiveCfg = Release|Any CPU
		{463118DD-C5A9-4C77-B60F-A8201F644B9E}.Release|Any CPU.Build.0 = Release|Any CPU
		{D9C12116-7F62-4C47-908F-D0F6DCCCD7B7}.Debug|Any CPU.ActiveCfg = Debug|Any CPU
		{D9C12116-7F62-4C47-908F-D0F6DCCCD7B7}.Debug|Any CPU.Build.0 = Debug|Any CPU
		{D9C12116-7F62-4C47-908F-D0F6DCCCD7B7}.Release|Any CPU.ActiveCfg = Release|Any CPU
		{D9C12116-7F62-4C47-908F-D0F6DCCCD7B7}.Release|Any CPU.Build.0 = Release|Any CPU
		{6CF34F2E-63B1-427D-9F4E-44579CFA93EF}.Debug|Any CPU.ActiveCfg = Debug|Any CPU
		{6CF34F2E-63B1-427D-9F4E-44579CFA93EF}.Debug|Any CPU.Build.0 = Debug|Any CPU
		{6CF34F2E-63B1-427D-9F4E-44579CFA93EF}.Release|Any CPU.ActiveCfg = Release|Any CPU
		{6CF34F2E-63B1-427D-9F4E-44579CFA93EF}.Release|Any CPU.Build.0 = Release|Any CPU
		{2C37EEB9-4585-4558-AE11-F7BF748562A3}.Debug|Any CPU.ActiveCfg = Debug|Any CPU
		{2C37EEB9-4585-4558-AE11-F7BF748562A3}.Debug|Any CPU.Build.0 = Debug|Any CPU
		{2C37EEB9-4585-4558-AE11-F7BF748562A3}.Release|Any CPU.ActiveCfg = Release|Any CPU
		{2C37EEB9-4585-4558-AE11-F7BF748562A3}.Release|Any CPU.Build.0 = Release|Any CPU
		{8B1DA91D-EB37-4C8D-A94B-83034D3E4B62}.Debug|Any CPU.ActiveCfg = Debug|Any CPU
		{8B1DA91D-EB37-4C8D-A94B-83034D3E4B62}.Debug|Any CPU.Build.0 = Debug|Any CPU
		{8B1DA91D-EB37-4C8D-A94B-83034D3E4B62}.Release|Any CPU.ActiveCfg = Release|Any CPU
		{8B1DA91D-EB37-4C8D-A94B-83034D3E4B62}.Release|Any CPU.Build.0 = Release|Any CPU
		{6A606425-22F5-4D08-BB78-E9F4EF8A6980}.Debug|Any CPU.ActiveCfg = Debug|Any CPU
		{6A606425-22F5-4D08-BB78-E9F4EF8A6980}.Debug|Any CPU.Build.0 = Debug|Any CPU
		{6A606425-22F5-4D08-BB78-E9F4EF8A6980}.Release|Any CPU.ActiveCfg = Release|Any CPU
		{6A606425-22F5-4D08-BB78-E9F4EF8A6980}.Release|Any CPU.Build.0 = Release|Any CPU
		{49F8F329-2B5E-4F6D-9E96-2321AF1EA96B}.Debug|Any CPU.ActiveCfg = Debug|Any CPU
		{49F8F329-2B5E-4F6D-9E96-2321AF1EA96B}.Debug|Any CPU.Build.0 = Debug|Any CPU
		{49F8F329-2B5E-4F6D-9E96-2321AF1EA96B}.Release|Any CPU.ActiveCfg = Release|Any CPU
		{49F8F329-2B5E-4F6D-9E96-2321AF1EA96B}.Release|Any CPU.Build.0 = Release|Any CPU
		{6C05FE0B-1D6A-4A33-9617-AB3062298160}.Debug|Any CPU.ActiveCfg = Debug|Any CPU
		{6C05FE0B-1D6A-4A33-9617-AB3062298160}.Debug|Any CPU.Build.0 = Debug|Any CPU
		{6C05FE0B-1D6A-4A33-9617-AB3062298160}.Release|Any CPU.ActiveCfg = Release|Any CPU
		{6C05FE0B-1D6A-4A33-9617-AB3062298160}.Release|Any CPU.Build.0 = Release|Any CPU
		{F642907C-6633-4437-BE03-DBBEF37FC5A7}.Debug|Any CPU.ActiveCfg = Debug|Any CPU
		{F642907C-6633-4437-BE03-DBBEF37FC5A7}.Debug|Any CPU.Build.0 = Debug|Any CPU
		{F642907C-6633-4437-BE03-DBBEF37FC5A7}.Release|Any CPU.ActiveCfg = Release|Any CPU
		{F642907C-6633-4437-BE03-DBBEF37FC5A7}.Release|Any CPU.Build.0 = Release|Any CPU
		{DFDB9251-FD5F-40F9-BCC1-7FA4D2DB8FEC}.Debug|Any CPU.ActiveCfg = Debug|Any CPU
		{DFDB9251-FD5F-40F9-BCC1-7FA4D2DB8FEC}.Debug|Any CPU.Build.0 = Debug|Any CPU
		{DFDB9251-FD5F-40F9-BCC1-7FA4D2DB8FEC}.Release|Any CPU.ActiveCfg = Release|Any CPU
		{DFDB9251-FD5F-40F9-BCC1-7FA4D2DB8FEC}.Release|Any CPU.Build.0 = Release|Any CPU
		{F5CC4379-44D7-4EAE-8EC8-AEFB9C43E8E9}.Debug|Any CPU.ActiveCfg = Debug|Any CPU
		{F5CC4379-44D7-4EAE-8EC8-AEFB9C43E8E9}.Debug|Any CPU.Build.0 = Debug|Any CPU
		{F5CC4379-44D7-4EAE-8EC8-AEFB9C43E8E9}.Release|Any CPU.ActiveCfg = Release|Any CPU
		{F5CC4379-44D7-4EAE-8EC8-AEFB9C43E8E9}.Release|Any CPU.Build.0 = Release|Any CPU
		{613C64C1-2542-4D8A-946A-957DEE11353C}.Debug|Any CPU.ActiveCfg = Debug|Any CPU
		{613C64C1-2542-4D8A-946A-957DEE11353C}.Debug|Any CPU.Build.0 = Debug|Any CPU
		{613C64C1-2542-4D8A-946A-957DEE11353C}.Release|Any CPU.ActiveCfg = Release|Any CPU
		{613C64C1-2542-4D8A-946A-957DEE11353C}.Release|Any CPU.Build.0 = Release|Any CPU
		{4740F7CD-B470-4B56-92C7-7AF9A1DB0009}.Debug|Any CPU.ActiveCfg = Debug|Any CPU
		{4740F7CD-B470-4B56-92C7-7AF9A1DB0009}.Debug|Any CPU.Build.0 = Debug|Any CPU
		{4740F7CD-B470-4B56-92C7-7AF9A1DB0009}.Release|Any CPU.ActiveCfg = Release|Any CPU
		{4740F7CD-B470-4B56-92C7-7AF9A1DB0009}.Release|Any CPU.Build.0 = Release|Any CPU
		{FEF7D897-3574-4431-BEF5-3079055650B3}.Debug|Any CPU.ActiveCfg = Debug|Any CPU
		{FEF7D897-3574-4431-BEF5-3079055650B3}.Debug|Any CPU.Build.0 = Debug|Any CPU
		{FEF7D897-3574-4431-BEF5-3079055650B3}.Release|Any CPU.ActiveCfg = Release|Any CPU
		{FEF7D897-3574-4431-BEF5-3079055650B3}.Release|Any CPU.Build.0 = Release|Any CPU
		{B77A22D4-BC9E-42FF-AABF-2C312F8F9F14}.Debug|Any CPU.ActiveCfg = Debug|Any CPU
		{B77A22D4-BC9E-42FF-AABF-2C312F8F9F14}.Debug|Any CPU.Build.0 = Debug|Any CPU
		{B77A22D4-BC9E-42FF-AABF-2C312F8F9F14}.Release|Any CPU.ActiveCfg = Release|Any CPU
		{B77A22D4-BC9E-42FF-AABF-2C312F8F9F14}.Release|Any CPU.Build.0 = Release|Any CPU
		{E8A1CF08-2FCC-4B48-A80C-1D737FD8446F}.Debug|Any CPU.ActiveCfg = Debug|Any CPU
		{E8A1CF08-2FCC-4B48-A80C-1D737FD8446F}.Debug|Any CPU.Build.0 = Debug|Any CPU
		{E8A1CF08-2FCC-4B48-A80C-1D737FD8446F}.Release|Any CPU.ActiveCfg = Release|Any CPU
		{E8A1CF08-2FCC-4B48-A80C-1D737FD8446F}.Release|Any CPU.Build.0 = Release|Any CPU
		{936F442B-E8FB-4D46-B9F5-1C631CDDE1AE}.Debug|Any CPU.ActiveCfg = Debug|Any CPU
		{936F442B-E8FB-4D46-B9F5-1C631CDDE1AE}.Debug|Any CPU.Build.0 = Debug|Any CPU
		{936F442B-E8FB-4D46-B9F5-1C631CDDE1AE}.Release|Any CPU.ActiveCfg = Release|Any CPU
		{936F442B-E8FB-4D46-B9F5-1C631CDDE1AE}.Release|Any CPU.Build.0 = Release|Any CPU
		{613791AD-E5B3-498E-ACDC-47BBAACE1172}.Debug|Any CPU.ActiveCfg = Debug|Any CPU
		{613791AD-E5B3-498E-ACDC-47BBAACE1172}.Debug|Any CPU.Build.0 = Debug|Any CPU
		{613791AD-E5B3-498E-ACDC-47BBAACE1172}.Release|Any CPU.ActiveCfg = Release|Any CPU
		{613791AD-E5B3-498E-ACDC-47BBAACE1172}.Release|Any CPU.Build.0 = Release|Any CPU
		{53C9BDD5-7E80-418E-8A6E-C155E64B2AA3}.Debug|Any CPU.ActiveCfg = Debug|Any CPU
		{53C9BDD5-7E80-418E-8A6E-C155E64B2AA3}.Debug|Any CPU.Build.0 = Debug|Any CPU
		{53C9BDD5-7E80-418E-8A6E-C155E64B2AA3}.Release|Any CPU.ActiveCfg = Release|Any CPU
		{53C9BDD5-7E80-418E-8A6E-C155E64B2AA3}.Release|Any CPU.Build.0 = Release|Any CPU
		{716BFBE5-CA67-4B45-872E-4DAC00FE9712}.Debug|Any CPU.ActiveCfg = Debug|Any CPU
		{716BFBE5-CA67-4B45-872E-4DAC00FE9712}.Debug|Any CPU.Build.0 = Debug|Any CPU
		{716BFBE5-CA67-4B45-872E-4DAC00FE9712}.Release|Any CPU.ActiveCfg = Release|Any CPU
		{716BFBE5-CA67-4B45-872E-4DAC00FE9712}.Release|Any CPU.Build.0 = Release|Any CPU
		{37425BBB-982C-4708-A553-36408FCDB5BD}.Debug|Any CPU.ActiveCfg = Debug|Any CPU
		{37425BBB-982C-4708-A553-36408FCDB5BD}.Debug|Any CPU.Build.0 = Debug|Any CPU
		{37425BBB-982C-4708-A553-36408FCDB5BD}.Release|Any CPU.ActiveCfg = Release|Any CPU
		{37425BBB-982C-4708-A553-36408FCDB5BD}.Release|Any CPU.Build.0 = Release|Any CPU
		{187FCDC4-AB4D-4F54-8B92-45F59BD0BEA8}.Debug|Any CPU.ActiveCfg = Debug|Any CPU
		{187FCDC4-AB4D-4F54-8B92-45F59BD0BEA8}.Debug|Any CPU.Build.0 = Debug|Any CPU
		{187FCDC4-AB4D-4F54-8B92-45F59BD0BEA8}.Release|Any CPU.ActiveCfg = Release|Any CPU
		{187FCDC4-AB4D-4F54-8B92-45F59BD0BEA8}.Release|Any CPU.Build.0 = Release|Any CPU
		{464D56E4-4A9A-4D3E-BF98-26A6DC5C3C5A}.Debug|Any CPU.ActiveCfg = Debug|Any CPU
		{464D56E4-4A9A-4D3E-BF98-26A6DC5C3C5A}.Debug|Any CPU.Build.0 = Debug|Any CPU
		{464D56E4-4A9A-4D3E-BF98-26A6DC5C3C5A}.Release|Any CPU.ActiveCfg = Release|Any CPU
		{464D56E4-4A9A-4D3E-BF98-26A6DC5C3C5A}.Release|Any CPU.Build.0 = Release|Any CPU
		{25C3EE22-5638-4BE9-A25F-E19D666DD676}.Debug|Any CPU.ActiveCfg = Debug|Any CPU
		{25C3EE22-5638-4BE9-A25F-E19D666DD676}.Debug|Any CPU.Build.0 = Debug|Any CPU
		{25C3EE22-5638-4BE9-A25F-E19D666DD676}.Release|Any CPU.ActiveCfg = Release|Any CPU
		{25C3EE22-5638-4BE9-A25F-E19D666DD676}.Release|Any CPU.Build.0 = Release|Any CPU
		{064007ED-C296-4642-9246-B65FCF2732A9}.Debug|Any CPU.ActiveCfg = Debug|Any CPU
		{064007ED-C296-4642-9246-B65FCF2732A9}.Debug|Any CPU.Build.0 = Debug|Any CPU
		{064007ED-C296-4642-9246-B65FCF2732A9}.Release|Any CPU.ActiveCfg = Release|Any CPU
		{064007ED-C296-4642-9246-B65FCF2732A9}.Release|Any CPU.Build.0 = Release|Any CPU
		{54B0B7AC-017C-41CA-89E1-35B033F593C6}.Debug|Any CPU.ActiveCfg = Debug|Any CPU
		{54B0B7AC-017C-41CA-89E1-35B033F593C6}.Debug|Any CPU.Build.0 = Debug|Any CPU
		{54B0B7AC-017C-41CA-89E1-35B033F593C6}.Release|Any CPU.ActiveCfg = Release|Any CPU
		{54B0B7AC-017C-41CA-89E1-35B033F593C6}.Release|Any CPU.Build.0 = Release|Any CPU
		{9327FEE4-ED91-4077-849D-85301E997C14}.Debug|Any CPU.ActiveCfg = Debug|Any CPU
		{9327FEE4-ED91-4077-849D-85301E997C14}.Debug|Any CPU.Build.0 = Debug|Any CPU
		{9327FEE4-ED91-4077-849D-85301E997C14}.Release|Any CPU.ActiveCfg = Release|Any CPU
		{9327FEE4-ED91-4077-849D-85301E997C14}.Release|Any CPU.Build.0 = Release|Any CPU
		{D1BAEFAB-95C8-45A4-82C4-E220C3204ECC}.Debug|Any CPU.ActiveCfg = Debug|Any CPU
		{D1BAEFAB-95C8-45A4-82C4-E220C3204ECC}.Debug|Any CPU.Build.0 = Debug|Any CPU
		{D1BAEFAB-95C8-45A4-82C4-E220C3204ECC}.Release|Any CPU.ActiveCfg = Release|Any CPU
		{D1BAEFAB-95C8-45A4-82C4-E220C3204ECC}.Release|Any CPU.Build.0 = Release|Any CPU
		{3D9E0C62-232B-46B5-9BF7-7263BC7BE076}.Debug|Any CPU.ActiveCfg = Debug|Any CPU
		{3D9E0C62-232B-46B5-9BF7-7263BC7BE076}.Debug|Any CPU.Build.0 = Debug|Any CPU
		{3D9E0C62-232B-46B5-9BF7-7263BC7BE076}.Release|Any CPU.ActiveCfg = Release|Any CPU
		{3D9E0C62-232B-46B5-9BF7-7263BC7BE076}.Release|Any CPU.Build.0 = Release|Any CPU
		{F8274FB4-5058-4A2E-917B-018CA60ACBF3}.Debug|Any CPU.ActiveCfg = Debug|Any CPU
		{F8274FB4-5058-4A2E-917B-018CA60ACBF3}.Debug|Any CPU.Build.0 = Debug|Any CPU
		{F8274FB4-5058-4A2E-917B-018CA60ACBF3}.Release|Any CPU.ActiveCfg = Release|Any CPU
		{F8274FB4-5058-4A2E-917B-018CA60ACBF3}.Release|Any CPU.Build.0 = Release|Any CPU
		{CC8C7BD8-ADF2-4EA0-94C4-D2844B447988}.Debug|Any CPU.ActiveCfg = Debug|Any CPU
		{CC8C7BD8-ADF2-4EA0-94C4-D2844B447988}.Debug|Any CPU.Build.0 = Debug|Any CPU
		{CC8C7BD8-ADF2-4EA0-94C4-D2844B447988}.Release|Any CPU.ActiveCfg = Release|Any CPU
		{CC8C7BD8-ADF2-4EA0-94C4-D2844B447988}.Release|Any CPU.Build.0 = Release|Any CPU
		{F37E3568-910C-4257-BE55-F6C064B8D50D}.Debug|Any CPU.ActiveCfg = Debug|Any CPU
		{F37E3568-910C-4257-BE55-F6C064B8D50D}.Debug|Any CPU.Build.0 = Debug|Any CPU
		{F37E3568-910C-4257-BE55-F6C064B8D50D}.Release|Any CPU.ActiveCfg = Release|Any CPU
		{F37E3568-910C-4257-BE55-F6C064B8D50D}.Release|Any CPU.Build.0 = Release|Any CPU
		{6732F194-AC4E-451C-BA7A-8A73627AE99A}.Debug|Any CPU.ActiveCfg = Debug|Any CPU
		{6732F194-AC4E-451C-BA7A-8A73627AE99A}.Debug|Any CPU.Build.0 = Debug|Any CPU
		{6732F194-AC4E-451C-BA7A-8A73627AE99A}.Release|Any CPU.ActiveCfg = Release|Any CPU
		{6732F194-AC4E-451C-BA7A-8A73627AE99A}.Release|Any CPU.Build.0 = Release|Any CPU
		{EB1CB497-593F-4457-93A1-E61792BC5B9C}.Debug|Any CPU.ActiveCfg = Debug|Any CPU
		{EB1CB497-593F-4457-93A1-E61792BC5B9C}.Debug|Any CPU.Build.0 = Debug|Any CPU
		{EB1CB497-593F-4457-93A1-E61792BC5B9C}.Release|Any CPU.ActiveCfg = Release|Any CPU
		{EB1CB497-593F-4457-93A1-E61792BC5B9C}.Release|Any CPU.Build.0 = Release|Any CPU
		{18B19859-EDA9-4D63-A286-55FE7E1E7E93}.Debug|Any CPU.ActiveCfg = Debug|Any CPU
		{18B19859-EDA9-4D63-A286-55FE7E1E7E93}.Debug|Any CPU.Build.0 = Debug|Any CPU
		{18B19859-EDA9-4D63-A286-55FE7E1E7E93}.Release|Any CPU.ActiveCfg = Release|Any CPU
		{18B19859-EDA9-4D63-A286-55FE7E1E7E93}.Release|Any CPU.Build.0 = Release|Any CPU
		{6AC0B165-E65E-4950-901F-1EAD131CCF20}.Debug|Any CPU.ActiveCfg = Debug|Any CPU
		{6AC0B165-E65E-4950-901F-1EAD131CCF20}.Debug|Any CPU.Build.0 = Debug|Any CPU
		{6AC0B165-E65E-4950-901F-1EAD131CCF20}.Release|Any CPU.ActiveCfg = Release|Any CPU
		{6AC0B165-E65E-4950-901F-1EAD131CCF20}.Release|Any CPU.Build.0 = Release|Any CPU
		{2B33D722-EB04-4348-8A7F-D7839B5EB952}.Debug|Any CPU.ActiveCfg = Debug|Any CPU
		{2B33D722-EB04-4348-8A7F-D7839B5EB952}.Debug|Any CPU.Build.0 = Debug|Any CPU
		{2B33D722-EB04-4348-8A7F-D7839B5EB952}.Release|Any CPU.ActiveCfg = Release|Any CPU
		{2B33D722-EB04-4348-8A7F-D7839B5EB952}.Release|Any CPU.Build.0 = Release|Any CPU
		{E2CB9DDE-8421-4FFA-9ACB-5CC10F77F570}.Debug|Any CPU.ActiveCfg = Debug|Any CPU
		{E2CB9DDE-8421-4FFA-9ACB-5CC10F77F570}.Debug|Any CPU.Build.0 = Debug|Any CPU
		{E2CB9DDE-8421-4FFA-9ACB-5CC10F77F570}.Release|Any CPU.ActiveCfg = Release|Any CPU
		{E2CB9DDE-8421-4FFA-9ACB-5CC10F77F570}.Release|Any CPU.Build.0 = Release|Any CPU
		{8578E4CB-3B3A-4A1F-B325-0420C11E9DC4}.Debug|Any CPU.ActiveCfg = Debug|Any CPU
		{8578E4CB-3B3A-4A1F-B325-0420C11E9DC4}.Debug|Any CPU.Build.0 = Debug|Any CPU
		{8578E4CB-3B3A-4A1F-B325-0420C11E9DC4}.Release|Any CPU.ActiveCfg = Release|Any CPU
		{8578E4CB-3B3A-4A1F-B325-0420C11E9DC4}.Release|Any CPU.Build.0 = Release|Any CPU
		{C39BDD37-A709-49B7-B511-0BABEB2E6667}.Debug|Any CPU.ActiveCfg = Debug|Any CPU
		{C39BDD37-A709-49B7-B511-0BABEB2E6667}.Debug|Any CPU.Build.0 = Debug|Any CPU
		{C39BDD37-A709-49B7-B511-0BABEB2E6667}.Release|Any CPU.ActiveCfg = Release|Any CPU
		{C39BDD37-A709-49B7-B511-0BABEB2E6667}.Release|Any CPU.Build.0 = Release|Any CPU
		{F96F4B86-CCB7-48EE-B5D1-D08940ECF0D4}.Debug|Any CPU.ActiveCfg = Debug|Any CPU
		{F96F4B86-CCB7-48EE-B5D1-D08940ECF0D4}.Debug|Any CPU.Build.0 = Debug|Any CPU
		{F96F4B86-CCB7-48EE-B5D1-D08940ECF0D4}.Release|Any CPU.ActiveCfg = Release|Any CPU
		{F96F4B86-CCB7-48EE-B5D1-D08940ECF0D4}.Release|Any CPU.Build.0 = Release|Any CPU
		{0DA70DAB-1C5C-4493-A3CB-4D60B61180EF}.Debug|Any CPU.ActiveCfg = Debug|Any CPU
		{0DA70DAB-1C5C-4493-A3CB-4D60B61180EF}.Debug|Any CPU.Build.0 = Debug|Any CPU
		{0DA70DAB-1C5C-4493-A3CB-4D60B61180EF}.Release|Any CPU.ActiveCfg = Release|Any CPU
		{0DA70DAB-1C5C-4493-A3CB-4D60B61180EF}.Release|Any CPU.Build.0 = Release|Any CPU
		{899033C7-0AD7-42B9-8A6C-6F7FB5896B21}.Debug|Any CPU.ActiveCfg = Debug|Any CPU
		{899033C7-0AD7-42B9-8A6C-6F7FB5896B21}.Debug|Any CPU.Build.0 = Debug|Any CPU
		{899033C7-0AD7-42B9-8A6C-6F7FB5896B21}.Release|Any CPU.ActiveCfg = Release|Any CPU
		{899033C7-0AD7-42B9-8A6C-6F7FB5896B21}.Release|Any CPU.Build.0 = Release|Any CPU
		{B06E4A97-D48F-4326-99B6-428BDC2F9D96}.Debug|Any CPU.ActiveCfg = Debug|Any CPU
		{B06E4A97-D48F-4326-99B6-428BDC2F9D96}.Debug|Any CPU.Build.0 = Debug|Any CPU
		{B06E4A97-D48F-4326-99B6-428BDC2F9D96}.Release|Any CPU.ActiveCfg = Release|Any CPU
		{B06E4A97-D48F-4326-99B6-428BDC2F9D96}.Release|Any CPU.Build.0 = Release|Any CPU
		{30BCABA3-84EF-44C8-A02E-5D96C7BDAB5B}.Debug|Any CPU.ActiveCfg = Debug|Any CPU
		{30BCABA3-84EF-44C8-A02E-5D96C7BDAB5B}.Debug|Any CPU.Build.0 = Debug|Any CPU
		{30BCABA3-84EF-44C8-A02E-5D96C7BDAB5B}.Release|Any CPU.ActiveCfg = Release|Any CPU
		{30BCABA3-84EF-44C8-A02E-5D96C7BDAB5B}.Release|Any CPU.Build.0 = Release|Any CPU
		{C1307A06-C797-4C03-A84F-28B90CC46C8F}.Debug|Any CPU.ActiveCfg = Debug|Any CPU
		{C1307A06-C797-4C03-A84F-28B90CC46C8F}.Debug|Any CPU.Build.0 = Debug|Any CPU
		{C1307A06-C797-4C03-A84F-28B90CC46C8F}.Release|Any CPU.ActiveCfg = Release|Any CPU
		{C1307A06-C797-4C03-A84F-28B90CC46C8F}.Release|Any CPU.Build.0 = Release|Any CPU
		{BC9C08DD-A0B6-48C5-AECF-957F00932209}.Debug|Any CPU.ActiveCfg = Debug|Any CPU
		{BC9C08DD-A0B6-48C5-AECF-957F00932209}.Debug|Any CPU.Build.0 = Debug|Any CPU
		{BC9C08DD-A0B6-48C5-AECF-957F00932209}.Release|Any CPU.ActiveCfg = Release|Any CPU
		{BC9C08DD-A0B6-48C5-AECF-957F00932209}.Release|Any CPU.Build.0 = Release|Any CPU
		{357930B6-26DA-453D-92E1-CED84239A6FF}.Debug|Any CPU.ActiveCfg = Debug|Any CPU
		{357930B6-26DA-453D-92E1-CED84239A6FF}.Debug|Any CPU.Build.0 = Debug|Any CPU
		{357930B6-26DA-453D-92E1-CED84239A6FF}.Release|Any CPU.ActiveCfg = Release|Any CPU
		{357930B6-26DA-453D-92E1-CED84239A6FF}.Release|Any CPU.Build.0 = Release|Any CPU
		{01D6A67A-C91F-4321-BCC0-E0323C26BC1A}.Debug|Any CPU.ActiveCfg = Debug|Any CPU
		{01D6A67A-C91F-4321-BCC0-E0323C26BC1A}.Debug|Any CPU.Build.0 = Debug|Any CPU
		{01D6A67A-C91F-4321-BCC0-E0323C26BC1A}.Release|Any CPU.ActiveCfg = Release|Any CPU
		{01D6A67A-C91F-4321-BCC0-E0323C26BC1A}.Release|Any CPU.Build.0 = Release|Any CPU
		{DF2975C5-BA00-4F6D-AA08-AF00288832D1}.Debug|Any CPU.ActiveCfg = Debug|Any CPU
		{DF2975C5-BA00-4F6D-AA08-AF00288832D1}.Debug|Any CPU.Build.0 = Debug|Any CPU
		{DF2975C5-BA00-4F6D-AA08-AF00288832D1}.Release|Any CPU.ActiveCfg = Release|Any CPU
		{DF2975C5-BA00-4F6D-AA08-AF00288832D1}.Release|Any CPU.Build.0 = Release|Any CPU
		{7628150D-7CA6-4968-9AFB-EFA43E4B09F1}.Debug|Any CPU.ActiveCfg = Debug|Any CPU
		{7628150D-7CA6-4968-9AFB-EFA43E4B09F1}.Debug|Any CPU.Build.0 = Debug|Any CPU
		{7628150D-7CA6-4968-9AFB-EFA43E4B09F1}.Release|Any CPU.ActiveCfg = Release|Any CPU
		{7628150D-7CA6-4968-9AFB-EFA43E4B09F1}.Release|Any CPU.Build.0 = Release|Any CPU
		{2B0E5673-EDD8-4328-8D1D-D4067AF7604B}.Debug|Any CPU.ActiveCfg = Debug|Any CPU
		{2B0E5673-EDD8-4328-8D1D-D4067AF7604B}.Debug|Any CPU.Build.0 = Debug|Any CPU
		{2B0E5673-EDD8-4328-8D1D-D4067AF7604B}.Release|Any CPU.ActiveCfg = Release|Any CPU
		{2B0E5673-EDD8-4328-8D1D-D4067AF7604B}.Release|Any CPU.Build.0 = Release|Any CPU
		{2ED82B9E-2B89-49B3-87C2-23F12785DC14}.Debug|Any CPU.ActiveCfg = Debug|Any CPU
		{2ED82B9E-2B89-49B3-87C2-23F12785DC14}.Debug|Any CPU.Build.0 = Debug|Any CPU
		{2ED82B9E-2B89-49B3-87C2-23F12785DC14}.Release|Any CPU.ActiveCfg = Release|Any CPU
		{2ED82B9E-2B89-49B3-87C2-23F12785DC14}.Release|Any CPU.Build.0 = Release|Any CPU
		{7108FE9F-3B78-42D8-A90F-F67A83CB7BC8}.Debug|Any CPU.ActiveCfg = Debug|Any CPU
		{7108FE9F-3B78-42D8-A90F-F67A83CB7BC8}.Debug|Any CPU.Build.0 = Debug|Any CPU
		{7108FE9F-3B78-42D8-A90F-F67A83CB7BC8}.Release|Any CPU.ActiveCfg = Release|Any CPU
		{7108FE9F-3B78-42D8-A90F-F67A83CB7BC8}.Release|Any CPU.Build.0 = Release|Any CPU
		{429EE6C7-F136-42D5-9DD9-6FC998B002AA}.Debug|Any CPU.ActiveCfg = Debug|Any CPU
		{429EE6C7-F136-42D5-9DD9-6FC998B002AA}.Debug|Any CPU.Build.0 = Debug|Any CPU
		{429EE6C7-F136-42D5-9DD9-6FC998B002AA}.Release|Any CPU.ActiveCfg = Release|Any CPU
		{429EE6C7-F136-42D5-9DD9-6FC998B002AA}.Release|Any CPU.Build.0 = Release|Any CPU
		{5B06FD19-E42B-4654-A78D-A4FFEFE09538}.Debug|Any CPU.ActiveCfg = Debug|Any CPU
		{5B06FD19-E42B-4654-A78D-A4FFEFE09538}.Debug|Any CPU.Build.0 = Debug|Any CPU
		{5B06FD19-E42B-4654-A78D-A4FFEFE09538}.Release|Any CPU.ActiveCfg = Release|Any CPU
		{5B06FD19-E42B-4654-A78D-A4FFEFE09538}.Release|Any CPU.Build.0 = Release|Any CPU
		{CD55A1B4-5CED-4F8B-8992-54586B4FE1F2}.Debug|Any CPU.ActiveCfg = Debug|Any CPU
		{CD55A1B4-5CED-4F8B-8992-54586B4FE1F2}.Debug|Any CPU.Build.0 = Debug|Any CPU
		{CD55A1B4-5CED-4F8B-8992-54586B4FE1F2}.Release|Any CPU.ActiveCfg = Release|Any CPU
		{CD55A1B4-5CED-4F8B-8992-54586B4FE1F2}.Release|Any CPU.Build.0 = Release|Any CPU
		{5ABC01A1-8D11-4686-8D29-9D4256E8A3D4}.Debug|Any CPU.ActiveCfg = Debug|Any CPU
		{5ABC01A1-8D11-4686-8D29-9D4256E8A3D4}.Debug|Any CPU.Build.0 = Debug|Any CPU
		{5ABC01A1-8D11-4686-8D29-9D4256E8A3D4}.Release|Any CPU.ActiveCfg = Release|Any CPU
		{5ABC01A1-8D11-4686-8D29-9D4256E8A3D4}.Release|Any CPU.Build.0 = Release|Any CPU
		{AAF73515-2937-4910-B43C-8056C1B6A8CD}.Debug|Any CPU.ActiveCfg = Debug|Any CPU
		{AAF73515-2937-4910-B43C-8056C1B6A8CD}.Debug|Any CPU.Build.0 = Debug|Any CPU
		{AAF73515-2937-4910-B43C-8056C1B6A8CD}.Release|Any CPU.ActiveCfg = Release|Any CPU
		{AAF73515-2937-4910-B43C-8056C1B6A8CD}.Release|Any CPU.Build.0 = Release|Any CPU
		{87783921-39C1-4DDF-9223-9298770DE206}.Debug|Any CPU.ActiveCfg = Debug|Any CPU
		{87783921-39C1-4DDF-9223-9298770DE206}.Debug|Any CPU.Build.0 = Debug|Any CPU
		{87783921-39C1-4DDF-9223-9298770DE206}.Release|Any CPU.ActiveCfg = Release|Any CPU
		{87783921-39C1-4DDF-9223-9298770DE206}.Release|Any CPU.Build.0 = Release|Any CPU
		{821B82D5-F929-4AAA-8BE9-0EA923606F99}.Debug|Any CPU.ActiveCfg = Debug|Any CPU
		{821B82D5-F929-4AAA-8BE9-0EA923606F99}.Debug|Any CPU.Build.0 = Debug|Any CPU
		{821B82D5-F929-4AAA-8BE9-0EA923606F99}.Release|Any CPU.ActiveCfg = Release|Any CPU
		{821B82D5-F929-4AAA-8BE9-0EA923606F99}.Release|Any CPU.Build.0 = Release|Any CPU
		{670EB0FB-121F-40AD-B475-FA5F285EC8A5}.Debug|Any CPU.ActiveCfg = Debug|Any CPU
		{670EB0FB-121F-40AD-B475-FA5F285EC8A5}.Debug|Any CPU.Build.0 = Debug|Any CPU
		{670EB0FB-121F-40AD-B475-FA5F285EC8A5}.Release|Any CPU.ActiveCfg = Release|Any CPU
		{670EB0FB-121F-40AD-B475-FA5F285EC8A5}.Release|Any CPU.Build.0 = Release|Any CPU
		{D2D6AA1A-65E4-4D85-B86B-6F4C7FDDD524}.Debug|Any CPU.ActiveCfg = Debug|Any CPU
		{D2D6AA1A-65E4-4D85-B86B-6F4C7FDDD524}.Debug|Any CPU.Build.0 = Debug|Any CPU
		{D2D6AA1A-65E4-4D85-B86B-6F4C7FDDD524}.Release|Any CPU.ActiveCfg = Release|Any CPU
		{D2D6AA1A-65E4-4D85-B86B-6F4C7FDDD524}.Release|Any CPU.Build.0 = Release|Any CPU
		{474145D3-1C1E-44BF-963C-AE57431B6735}.Debug|Any CPU.ActiveCfg = Debug|Any CPU
		{474145D3-1C1E-44BF-963C-AE57431B6735}.Debug|Any CPU.Build.0 = Debug|Any CPU
		{474145D3-1C1E-44BF-963C-AE57431B6735}.Release|Any CPU.ActiveCfg = Release|Any CPU
		{474145D3-1C1E-44BF-963C-AE57431B6735}.Release|Any CPU.Build.0 = Release|Any CPU
		{083FECA5-1667-41AE-BBCE-615A16E34B8D}.Debug|Any CPU.ActiveCfg = Debug|Any CPU
		{083FECA5-1667-41AE-BBCE-615A16E34B8D}.Debug|Any CPU.Build.0 = Debug|Any CPU
		{083FECA5-1667-41AE-BBCE-615A16E34B8D}.Release|Any CPU.ActiveCfg = Release|Any CPU
		{083FECA5-1667-41AE-BBCE-615A16E34B8D}.Release|Any CPU.Build.0 = Release|Any CPU
		{27B858A8-A6DB-48D5-8DE1-8A0E68F741F1}.Debug|Any CPU.ActiveCfg = Debug|Any CPU
		{27B858A8-A6DB-48D5-8DE1-8A0E68F741F1}.Debug|Any CPU.Build.0 = Debug|Any CPU
		{27B858A8-A6DB-48D5-8DE1-8A0E68F741F1}.Release|Any CPU.ActiveCfg = Release|Any CPU
		{27B858A8-A6DB-48D5-8DE1-8A0E68F741F1}.Release|Any CPU.Build.0 = Release|Any CPU
		{E66AF6B9-C8C9-4D05-9E98-0CD34466B35F}.Debug|Any CPU.ActiveCfg = Debug|Any CPU
		{E66AF6B9-C8C9-4D05-9E98-0CD34466B35F}.Debug|Any CPU.Build.0 = Debug|Any CPU
		{E66AF6B9-C8C9-4D05-9E98-0CD34466B35F}.Release|Any CPU.ActiveCfg = Release|Any CPU
		{E66AF6B9-C8C9-4D05-9E98-0CD34466B35F}.Release|Any CPU.Build.0 = Release|Any CPU
		{16A03E96-7F5C-42CD-8043-B59A0FE20A23}.Debug|Any CPU.ActiveCfg = Debug|Any CPU
		{16A03E96-7F5C-42CD-8043-B59A0FE20A23}.Debug|Any CPU.Build.0 = Debug|Any CPU
		{16A03E96-7F5C-42CD-8043-B59A0FE20A23}.Release|Any CPU.ActiveCfg = Release|Any CPU
		{16A03E96-7F5C-42CD-8043-B59A0FE20A23}.Release|Any CPU.Build.0 = Release|Any CPU
		{A472B8B3-5310-4CE8-AAE7-3C317FFBF574}.Debug|Any CPU.ActiveCfg = Debug|Any CPU
		{A472B8B3-5310-4CE8-AAE7-3C317FFBF574}.Debug|Any CPU.Build.0 = Debug|Any CPU
		{A472B8B3-5310-4CE8-AAE7-3C317FFBF574}.Release|Any CPU.ActiveCfg = Release|Any CPU
		{A472B8B3-5310-4CE8-AAE7-3C317FFBF574}.Release|Any CPU.Build.0 = Release|Any CPU
		{E76F9889-285B-49B5-B151-960CB087B88A}.Debug|Any CPU.ActiveCfg = Debug|Any CPU
		{E76F9889-285B-49B5-B151-960CB087B88A}.Debug|Any CPU.Build.0 = Debug|Any CPU
		{E76F9889-285B-49B5-B151-960CB087B88A}.Release|Any CPU.ActiveCfg = Release|Any CPU
		{E76F9889-285B-49B5-B151-960CB087B88A}.Release|Any CPU.Build.0 = Release|Any CPU
		{4CA82465-FF7B-4A2E-A916-4136D6374D13}.Debug|Any CPU.ActiveCfg = Debug|Any CPU
		{4CA82465-FF7B-4A2E-A916-4136D6374D13}.Debug|Any CPU.Build.0 = Debug|Any CPU
		{4CA82465-FF7B-4A2E-A916-4136D6374D13}.Release|Any CPU.ActiveCfg = Release|Any CPU
		{4CA82465-FF7B-4A2E-A916-4136D6374D13}.Release|Any CPU.Build.0 = Release|Any CPU
		{191C35FF-611E-4347-9147-70FD3D0090C3}.Debug|Any CPU.ActiveCfg = Debug|Any CPU
		{191C35FF-611E-4347-9147-70FD3D0090C3}.Debug|Any CPU.Build.0 = Debug|Any CPU
		{191C35FF-611E-4347-9147-70FD3D0090C3}.Release|Any CPU.ActiveCfg = Release|Any CPU
		{191C35FF-611E-4347-9147-70FD3D0090C3}.Release|Any CPU.Build.0 = Release|Any CPU
		{E975874A-4641-4C9F-91D0-6356D7F6FAA4}.Debug|Any CPU.ActiveCfg = Debug|Any CPU
		{E975874A-4641-4C9F-91D0-6356D7F6FAA4}.Debug|Any CPU.Build.0 = Debug|Any CPU
		{E975874A-4641-4C9F-91D0-6356D7F6FAA4}.Release|Any CPU.ActiveCfg = Release|Any CPU
		{E975874A-4641-4C9F-91D0-6356D7F6FAA4}.Release|Any CPU.Build.0 = Release|Any CPU
		{07428A3F-C7D7-4DBD-8BDB-91D9414CF751}.Debug|Any CPU.ActiveCfg = Debug|Any CPU
		{07428A3F-C7D7-4DBD-8BDB-91D9414CF751}.Debug|Any CPU.Build.0 = Debug|Any CPU
		{07428A3F-C7D7-4DBD-8BDB-91D9414CF751}.Release|Any CPU.ActiveCfg = Release|Any CPU
		{07428A3F-C7D7-4DBD-8BDB-91D9414CF751}.Release|Any CPU.Build.0 = Release|Any CPU
		{AC321F9A-B739-4FF4-BB1C-8F4D5F154A83}.Debug|Any CPU.ActiveCfg = Debug|Any CPU
		{AC321F9A-B739-4FF4-BB1C-8F4D5F154A83}.Debug|Any CPU.Build.0 = Debug|Any CPU
		{AC321F9A-B739-4FF4-BB1C-8F4D5F154A83}.Release|Any CPU.ActiveCfg = Release|Any CPU
		{AC321F9A-B739-4FF4-BB1C-8F4D5F154A83}.Release|Any CPU.Build.0 = Release|Any CPU
		{92B71C1A-AF9E-42F5-8D4E-4A6145C5D0E9}.Debug|Any CPU.ActiveCfg = Debug|Any CPU
		{92B71C1A-AF9E-42F5-8D4E-4A6145C5D0E9}.Debug|Any CPU.Build.0 = Debug|Any CPU
		{92B71C1A-AF9E-42F5-8D4E-4A6145C5D0E9}.Release|Any CPU.ActiveCfg = Release|Any CPU
		{92B71C1A-AF9E-42F5-8D4E-4A6145C5D0E9}.Release|Any CPU.Build.0 = Release|Any CPU
		{71418F8E-7D25-493A-8051-85B303A0C1E4}.Debug|Any CPU.ActiveCfg = Debug|Any CPU
		{71418F8E-7D25-493A-8051-85B303A0C1E4}.Debug|Any CPU.Build.0 = Debug|Any CPU
		{71418F8E-7D25-493A-8051-85B303A0C1E4}.Release|Any CPU.ActiveCfg = Release|Any CPU
		{71418F8E-7D25-493A-8051-85B303A0C1E4}.Release|Any CPU.Build.0 = Release|Any CPU
		{DCAA1A12-5424-45B0-BBF6-231A9AD7E9D2}.Debug|Any CPU.ActiveCfg = Debug|Any CPU
		{DCAA1A12-5424-45B0-BBF6-231A9AD7E9D2}.Debug|Any CPU.Build.0 = Debug|Any CPU
		{DCAA1A12-5424-45B0-BBF6-231A9AD7E9D2}.Release|Any CPU.ActiveCfg = Release|Any CPU
		{DCAA1A12-5424-45B0-BBF6-231A9AD7E9D2}.Release|Any CPU.Build.0 = Release|Any CPU
		{D96064E3-8421-4FB9-9008-A8DE0A8B38BD}.Debug|Any CPU.ActiveCfg = Debug|Any CPU
		{D96064E3-8421-4FB9-9008-A8DE0A8B38BD}.Debug|Any CPU.Build.0 = Debug|Any CPU
		{D96064E3-8421-4FB9-9008-A8DE0A8B38BD}.Release|Any CPU.ActiveCfg = Release|Any CPU
		{D96064E3-8421-4FB9-9008-A8DE0A8B38BD}.Release|Any CPU.Build.0 = Release|Any CPU
		{EB939280-A67C-46A6-BF06-6A0E26DBABDA}.Debug|Any CPU.ActiveCfg = Debug|Any CPU
		{EB939280-A67C-46A6-BF06-6A0E26DBABDA}.Debug|Any CPU.Build.0 = Debug|Any CPU
		{EB939280-A67C-46A6-BF06-6A0E26DBABDA}.Release|Any CPU.ActiveCfg = Release|Any CPU
		{EB939280-A67C-46A6-BF06-6A0E26DBABDA}.Release|Any CPU.Build.0 = Release|Any CPU
		{E39086F5-D8E4-4BB2-A1B7-EAA5DC4D70EA}.Debug|Any CPU.ActiveCfg = Debug|Any CPU
		{E39086F5-D8E4-4BB2-A1B7-EAA5DC4D70EA}.Debug|Any CPU.Build.0 = Debug|Any CPU
		{E39086F5-D8E4-4BB2-A1B7-EAA5DC4D70EA}.Release|Any CPU.ActiveCfg = Release|Any CPU
		{E39086F5-D8E4-4BB2-A1B7-EAA5DC4D70EA}.Release|Any CPU.Build.0 = Release|Any CPU
		{E22AAB16-6C9B-4902-85C4-A2437665DB4E}.Debug|Any CPU.ActiveCfg = Debug|Any CPU
		{E22AAB16-6C9B-4902-85C4-A2437665DB4E}.Debug|Any CPU.Build.0 = Debug|Any CPU
		{E22AAB16-6C9B-4902-85C4-A2437665DB4E}.Release|Any CPU.ActiveCfg = Release|Any CPU
		{E22AAB16-6C9B-4902-85C4-A2437665DB4E}.Release|Any CPU.Build.0 = Release|Any CPU
		{0127759A-14AB-FA42-F4B6-28401117FBF3}.Debug|Any CPU.ActiveCfg = Debug|Any CPU
		{0127759A-14AB-FA42-F4B6-28401117FBF3}.Debug|Any CPU.Build.0 = Debug|Any CPU
		{0127759A-14AB-FA42-F4B6-28401117FBF3}.Release|Any CPU.ActiveCfg = Release|Any CPU
		{0127759A-14AB-FA42-F4B6-28401117FBF3}.Release|Any CPU.Build.0 = Release|Any CPU
		{1FF32260-EBF2-4CA4-B9FE-14DC03280C64}.Debug|Any CPU.ActiveCfg = Debug|Any CPU
		{1FF32260-EBF2-4CA4-B9FE-14DC03280C64}.Debug|Any CPU.Build.0 = Debug|Any CPU
		{1FF32260-EBF2-4CA4-B9FE-14DC03280C64}.Release|Any CPU.ActiveCfg = Release|Any CPU
		{1FF32260-EBF2-4CA4-B9FE-14DC03280C64}.Release|Any CPU.Build.0 = Release|Any CPU
		{E9A98C2C-294F-4CD4-A0BA-813010BFA2FB}.Debug|Any CPU.ActiveCfg = Debug|Any CPU
		{E9A98C2C-294F-4CD4-A0BA-813010BFA2FB}.Debug|Any CPU.Build.0 = Debug|Any CPU
		{E9A98C2C-294F-4CD4-A0BA-813010BFA2FB}.Release|Any CPU.ActiveCfg = Release|Any CPU
		{E9A98C2C-294F-4CD4-A0BA-813010BFA2FB}.Release|Any CPU.Build.0 = Release|Any CPU
		{66E00F74-56A1-4935-B731-72CCE91EDE9B}.Debug|Any CPU.ActiveCfg = Debug|Any CPU
		{66E00F74-56A1-4935-B731-72CCE91EDE9B}.Debug|Any CPU.Build.0 = Debug|Any CPU
		{66E00F74-56A1-4935-B731-72CCE91EDE9B}.Release|Any CPU.ActiveCfg = Release|Any CPU
		{66E00F74-56A1-4935-B731-72CCE91EDE9B}.Release|Any CPU.Build.0 = Release|Any CPU
		{C1AA4DB3-05AC-4118-929A-D55C5ED9C9BE}.Debug|Any CPU.ActiveCfg = Debug|Any CPU
		{C1AA4DB3-05AC-4118-929A-D55C5ED9C9BE}.Debug|Any CPU.Build.0 = Debug|Any CPU
		{C1AA4DB3-05AC-4118-929A-D55C5ED9C9BE}.Release|Any CPU.ActiveCfg = Release|Any CPU
		{C1AA4DB3-05AC-4118-929A-D55C5ED9C9BE}.Release|Any CPU.Build.0 = Release|Any CPU
		{916FD298-39D3-44CD-88B6-450D238D8765}.Debug|Any CPU.ActiveCfg = Debug|Any CPU
		{916FD298-39D3-44CD-88B6-450D238D8765}.Debug|Any CPU.Build.0 = Debug|Any CPU
		{916FD298-39D3-44CD-88B6-450D238D8765}.Release|Any CPU.ActiveCfg = Release|Any CPU
		{916FD298-39D3-44CD-88B6-450D238D8765}.Release|Any CPU.Build.0 = Release|Any CPU
	EndGlobalSection
	GlobalSection(SolutionProperties) = preSolution
		HideSolutionNode = FALSE
	EndGlobalSection
	GlobalSection(NestedProjects) = preSolution
		{96D2A539-CD67-4B1D-8A5A-B61E9AC01234} = {88B1807C-511D-4F4B-8834-A15CBAD4207E}
		{A454D760-F167-4879-BC88-E607FD8F8928} = {88B1807C-511D-4F4B-8834-A15CBAD4207E}
		{735BC128-F5C0-4B6F-8B2E-CF833BC705AD} = {88B1807C-511D-4F4B-8834-A15CBAD4207E}
		{5FCC1935-D4A7-4175-AA7F-CC9EACD3A140} = {88B1807C-511D-4F4B-8834-A15CBAD4207E}
		{698B9B72-16F4-4FB8-A9D1-246921B540FB} = {88B1807C-511D-4F4B-8834-A15CBAD4207E}
		{EC81C66E-B4AF-42DC-AC0F-CF502C1E08DE} = {88B1807C-511D-4F4B-8834-A15CBAD4207E}
		{F0558AD3-EC07-4DAC-AE2A-383CA47E6D69} = {88B1807C-511D-4F4B-8834-A15CBAD4207E}
		{B7E29095-4558-4270-8807-8CB25D7A97F0} = {88B1807C-511D-4F4B-8834-A15CBAD4207E}
		{5B9B9D41-7814-40A7-A3A4-E2253520D8F9} = {88B1807C-511D-4F4B-8834-A15CBAD4207E}
		{A0835E64-78F6-4B9D-B37F-3651BFDB30B8} = {88B1807C-511D-4F4B-8834-A15CBAD4207E}
		{7868582E-4518-413A-A8F2-5E5CE500410F} = {88B1807C-511D-4F4B-8834-A15CBAD4207E}
		{3E2B5265-7544-4DB3-B177-B5C830606A54} = {88B1807C-511D-4F4B-8834-A15CBAD4207E}
		{E7B41076-9D47-4127-852B-65617130CB3B} = {88B1807C-511D-4F4B-8834-A15CBAD4207E}
		{B0DC7273-CBE5-4372-A8CA-2436DFD8891E} = {88B1807C-511D-4F4B-8834-A15CBAD4207E}
		{72B3B6A2-26B5-414B-8EFA-444001533F3B} = {CDCD5BA7-948F-40DA-8E60-E32417544770}
		{BCBCA1A1-D952-446B-AC69-E58EFFE679A4} = {CDCD5BA7-948F-40DA-8E60-E32417544770}
		{32ACC475-CC64-4C70-8216-5993FB6964FB} = {CDCD5BA7-948F-40DA-8E60-E32417544770}
		{D62C5406-57C0-4835-B5B1-16EBD498BEA9} = {CDCD5BA7-948F-40DA-8E60-E32417544770}
		{12C1B0F5-97A0-41D5-9A9B-59F2D51247AA} = {CDCD5BA7-948F-40DA-8E60-E32417544770}
		{92473570-6A28-44F9-9737-72499020AEE0} = {CDCD5BA7-948F-40DA-8E60-E32417544770}
		{3878E84C-6D87-48A4-80F3-48EBDE6452CD} = {CDCD5BA7-948F-40DA-8E60-E32417544770}
		{FCFAD0E0-06D1-4630-BD4D-A8AB117AF27F} = {CDCD5BA7-948F-40DA-8E60-E32417544770}
		{7190DB96-5E0E-42B2-B897-A4D653A0B39A} = {CDCD5BA7-948F-40DA-8E60-E32417544770}
		{458609F1-41DB-45A9-8687-317AF38C438B} = {CDCD5BA7-948F-40DA-8E60-E32417544770}
		{20474356-70E1-4BDF-93B1-5E32307BC4A3} = {12068667-A27F-4728-BD55-D16A92522494}
		{AF7D1168-62F5-452D-8AFF-8F80913F2E70} = {12068667-A27F-4728-BD55-D16A92522494}
		{A70DD5CC-8214-4241-B767-FBC7ACC6272B} = {12068667-A27F-4728-BD55-D16A92522494}
		{39438FD8-1976-476C-BD6A-0D4F3924E5B3} = {12068667-A27F-4728-BD55-D16A92522494}
		{F3C86C12-0FA7-46E3-A036-FE6BB9DBC729} = {12068667-A27F-4728-BD55-D16A92522494}
		{1DE4923B-B904-495B-A918-BCD4E2B06F33} = {12068667-A27F-4728-BD55-D16A92522494}
		{602C664F-5CC2-443A-A337-0C3B4B989A4D} = {12068667-A27F-4728-BD55-D16A92522494}
		{D3CEED6F-00BA-411A-87D2-5ECA85A84773} = {12068667-A27F-4728-BD55-D16A92522494}
		{7CDDCF1E-F3C7-4BE8-9A05-78A2B4A8A16F} = {12068667-A27F-4728-BD55-D16A92522494}
		{D809753B-53C9-4877-A1FB-12B97873F639} = {5D88D53C-BC62-4175-98D8-48983C086A41}
		{DD5D8695-3FC9-4698-8051-DC27BC0026ED} = {5D88D53C-BC62-4175-98D8-48983C086A41}
		{CA608001-C753-4E9C-B62F-03AD057E10A9} = {5D88D53C-BC62-4175-98D8-48983C086A41}
		{463118DD-C5A9-4C77-B60F-A8201F644B9E} = {5D88D53C-BC62-4175-98D8-48983C086A41}
		{D9C12116-7F62-4C47-908F-D0F6DCCCD7B7} = {5D88D53C-BC62-4175-98D8-48983C086A41}
		{6CF34F2E-63B1-427D-9F4E-44579CFA93EF} = {5D88D53C-BC62-4175-98D8-48983C086A41}
		{2C37EEB9-4585-4558-AE11-F7BF748562A3} = {5D88D53C-BC62-4175-98D8-48983C086A41}
		{8B1DA91D-EB37-4C8D-A94B-83034D3E4B62} = {5D88D53C-BC62-4175-98D8-48983C086A41}
		{88B1807C-511D-4F4B-8834-A15CBAD4207E} = {02EA681E-C7D8-13C7-8484-4AC65E1B71E8}
		{CDCD5BA7-948F-40DA-8E60-E32417544770} = {02EA681E-C7D8-13C7-8484-4AC65E1B71E8}
		{12068667-A27F-4728-BD55-D16A92522494} = {02EA681E-C7D8-13C7-8484-4AC65E1B71E8}
		{5D88D53C-BC62-4175-98D8-48983C086A41} = {02EA681E-C7D8-13C7-8484-4AC65E1B71E8}
		{6A606425-22F5-4D08-BB78-E9F4EF8A6980} = {5D88D53C-BC62-4175-98D8-48983C086A41}
		{49F8F329-2B5E-4F6D-9E96-2321AF1EA96B} = {5D88D53C-BC62-4175-98D8-48983C086A41}
		{6C05FE0B-1D6A-4A33-9617-AB3062298160} = {5D88D53C-BC62-4175-98D8-48983C086A41}
		{F642907C-6633-4437-BE03-DBBEF37FC5A7} = {5D88D53C-BC62-4175-98D8-48983C086A41}
		{DFDB9251-FD5F-40F9-BCC1-7FA4D2DB8FEC} = {5D88D53C-BC62-4175-98D8-48983C086A41}
		{F5CC4379-44D7-4EAE-8EC8-AEFB9C43E8E9} = {5D88D53C-BC62-4175-98D8-48983C086A41}
		{613C64C1-2542-4D8A-946A-957DEE11353C} = {5D88D53C-BC62-4175-98D8-48983C086A41}
		{4740F7CD-B470-4B56-92C7-7AF9A1DB0009} = {5D88D53C-BC62-4175-98D8-48983C086A41}
		{FEF7D897-3574-4431-BEF5-3079055650B3} = {5D88D53C-BC62-4175-98D8-48983C086A41}
		{04EBB68F-38CA-4007-8C9C-CBC6015B71EB} = {02EA681E-C7D8-13C7-8484-4AC65E1B71E8}
		{B77A22D4-BC9E-42FF-AABF-2C312F8F9F14} = {04EBB68F-38CA-4007-8C9C-CBC6015B71EB}
		{E8A1CF08-2FCC-4B48-A80C-1D737FD8446F} = {04EBB68F-38CA-4007-8C9C-CBC6015B71EB}
		{936F442B-E8FB-4D46-B9F5-1C631CDDE1AE} = {04EBB68F-38CA-4007-8C9C-CBC6015B71EB}
		{613791AD-E5B3-498E-ACDC-47BBAACE1172} = {04EBB68F-38CA-4007-8C9C-CBC6015B71EB}
		{53C9BDD5-7E80-418E-8A6E-C155E64B2AA3} = {04EBB68F-38CA-4007-8C9C-CBC6015B71EB}
		{716BFBE5-CA67-4B45-872E-4DAC00FE9712} = {04EBB68F-38CA-4007-8C9C-CBC6015B71EB}
		{37425BBB-982C-4708-A553-36408FCDB5BD} = {04EBB68F-38CA-4007-8C9C-CBC6015B71EB}
		{187FCDC4-AB4D-4F54-8B92-45F59BD0BEA8} = {04EBB68F-38CA-4007-8C9C-CBC6015B71EB}
		{464D56E4-4A9A-4D3E-BF98-26A6DC5C3C5A} = {04EBB68F-38CA-4007-8C9C-CBC6015B71EB}
		{25C3EE22-5638-4BE9-A25F-E19D666DD676} = {04EBB68F-38CA-4007-8C9C-CBC6015B71EB}
		{064007ED-C296-4642-9246-B65FCF2732A9} = {04EBB68F-38CA-4007-8C9C-CBC6015B71EB}
		{54B0B7AC-017C-41CA-89E1-35B033F593C6} = {04EBB68F-38CA-4007-8C9C-CBC6015B71EB}
		{9327FEE4-ED91-4077-849D-85301E997C14} = {04EBB68F-38CA-4007-8C9C-CBC6015B71EB}
		{D1BAEFAB-95C8-45A4-82C4-E220C3204ECC} = {04EBB68F-38CA-4007-8C9C-CBC6015B71EB}
		{3D9E0C62-232B-46B5-9BF7-7263BC7BE076} = {04EBB68F-38CA-4007-8C9C-CBC6015B71EB}
		{F8274FB4-5058-4A2E-917B-018CA60ACBF3} = {04EBB68F-38CA-4007-8C9C-CBC6015B71EB}
		{9A6C9D9C-68BC-4E8E-8BB8-3DCE7CDF432C} = {5FDF2DBF-245B-4F21-98EC-B5EF9415D5EC}
		{CC8C7BD8-ADF2-4EA0-94C4-D2844B447988} = {9A6C9D9C-68BC-4E8E-8BB8-3DCE7CDF432C}
		{F37E3568-910C-4257-BE55-F6C064B8D50D} = {9A6C9D9C-68BC-4E8E-8BB8-3DCE7CDF432C}
		{6732F194-AC4E-451C-BA7A-8A73627AE99A} = {9A6C9D9C-68BC-4E8E-8BB8-3DCE7CDF432C}
		{EB1CB497-593F-4457-93A1-E61792BC5B9C} = {9A6C9D9C-68BC-4E8E-8BB8-3DCE7CDF432C}
		{18B19859-EDA9-4D63-A286-55FE7E1E7E93} = {9A6C9D9C-68BC-4E8E-8BB8-3DCE7CDF432C}
		{6AC0B165-E65E-4950-901F-1EAD131CCF20} = {9A6C9D9C-68BC-4E8E-8BB8-3DCE7CDF432C}
		{2B33D722-EB04-4348-8A7F-D7839B5EB952} = {9A6C9D9C-68BC-4E8E-8BB8-3DCE7CDF432C}
		{67A94921-22C3-46AE-AC17-00D0C4D1A5A5} = {5FDF2DBF-245B-4F21-98EC-B5EF9415D5EC}
		{E2CB9DDE-8421-4FFA-9ACB-5CC10F77F570} = {67A94921-22C3-46AE-AC17-00D0C4D1A5A5}
		{8578E4CB-3B3A-4A1F-B325-0420C11E9DC4} = {67A94921-22C3-46AE-AC17-00D0C4D1A5A5}
		{C39BDD37-A709-49B7-B511-0BABEB2E6667} = {67A94921-22C3-46AE-AC17-00D0C4D1A5A5}
		{F96F4B86-CCB7-48EE-B5D1-D08940ECF0D4} = {67A94921-22C3-46AE-AC17-00D0C4D1A5A5}
		{0DA70DAB-1C5C-4493-A3CB-4D60B61180EF} = {67A94921-22C3-46AE-AC17-00D0C4D1A5A5}
		{899033C7-0AD7-42B9-8A6C-6F7FB5896B21} = {67A94921-22C3-46AE-AC17-00D0C4D1A5A5}
		{B06E4A97-D48F-4326-99B6-428BDC2F9D96} = {67A94921-22C3-46AE-AC17-00D0C4D1A5A5}
		{30BCABA3-84EF-44C8-A02E-5D96C7BDAB5B} = {67A94921-22C3-46AE-AC17-00D0C4D1A5A5}
		{C1307A06-C797-4C03-A84F-28B90CC46C8F} = {67A94921-22C3-46AE-AC17-00D0C4D1A5A5}
		{BC9C08DD-A0B6-48C5-AECF-957F00932209} = {67A94921-22C3-46AE-AC17-00D0C4D1A5A5}
		{357930B6-26DA-453D-92E1-CED84239A6FF} = {67A94921-22C3-46AE-AC17-00D0C4D1A5A5}
		{01D6A67A-C91F-4321-BCC0-E0323C26BC1A} = {67A94921-22C3-46AE-AC17-00D0C4D1A5A5}
		{DF2975C5-BA00-4F6D-AA08-AF00288832D1} = {67A94921-22C3-46AE-AC17-00D0C4D1A5A5}
		{7628150D-7CA6-4968-9AFB-EFA43E4B09F1} = {67A94921-22C3-46AE-AC17-00D0C4D1A5A5}
		{2B0E5673-EDD8-4328-8D1D-D4067AF7604B} = {67A94921-22C3-46AE-AC17-00D0C4D1A5A5}
		{2ED82B9E-2B89-49B3-87C2-23F12785DC14} = {67A94921-22C3-46AE-AC17-00D0C4D1A5A5}
		{7108FE9F-3B78-42D8-A90F-F67A83CB7BC8} = {67A94921-22C3-46AE-AC17-00D0C4D1A5A5}
		{429EE6C7-F136-42D5-9DD9-6FC998B002AA} = {67A94921-22C3-46AE-AC17-00D0C4D1A5A5}
		{5B06FD19-E42B-4654-A78D-A4FFEFE09538} = {67A94921-22C3-46AE-AC17-00D0C4D1A5A5}
		{CD55A1B4-5CED-4F8B-8992-54586B4FE1F2} = {67A94921-22C3-46AE-AC17-00D0C4D1A5A5}
		{5ABC01A1-8D11-4686-8D29-9D4256E8A3D4} = {67A94921-22C3-46AE-AC17-00D0C4D1A5A5}
		{AAF73515-2937-4910-B43C-8056C1B6A8CD} = {67A94921-22C3-46AE-AC17-00D0C4D1A5A5}
		{87783921-39C1-4DDF-9223-9298770DE206} = {67A94921-22C3-46AE-AC17-00D0C4D1A5A5}
		{821B82D5-F929-4AAA-8BE9-0EA923606F99} = {67A94921-22C3-46AE-AC17-00D0C4D1A5A5}
		{670EB0FB-121F-40AD-B475-FA5F285EC8A5} = {67A94921-22C3-46AE-AC17-00D0C4D1A5A5}
		{D439919C-DC40-4890-8FC1-EBC35D3C8009} = {5FDF2DBF-245B-4F21-98EC-B5EF9415D5EC}
		{D2D6AA1A-65E4-4D85-B86B-6F4C7FDDD524} = {D439919C-DC40-4890-8FC1-EBC35D3C8009}
		{474145D3-1C1E-44BF-963C-AE57431B6735} = {D439919C-DC40-4890-8FC1-EBC35D3C8009}
		{083FECA5-1667-41AE-BBCE-615A16E34B8D} = {D439919C-DC40-4890-8FC1-EBC35D3C8009}
		{27B858A8-A6DB-48D5-8DE1-8A0E68F741F1} = {D439919C-DC40-4890-8FC1-EBC35D3C8009}
		{293F9E1D-0630-4C2D-918D-E5B9C187B87E} = {5FDF2DBF-245B-4F21-98EC-B5EF9415D5EC}
		{E66AF6B9-C8C9-4D05-9E98-0CD34466B35F} = {293F9E1D-0630-4C2D-918D-E5B9C187B87E}
		{16A03E96-7F5C-42CD-8043-B59A0FE20A23} = {293F9E1D-0630-4C2D-918D-E5B9C187B87E}
		{A472B8B3-5310-4CE8-AAE7-3C317FFBF574} = {293F9E1D-0630-4C2D-918D-E5B9C187B87E}
		{E76F9889-285B-49B5-B151-960CB087B88A} = {293F9E1D-0630-4C2D-918D-E5B9C187B87E}
		{4CA82465-FF7B-4A2E-A916-4136D6374D13} = {293F9E1D-0630-4C2D-918D-E5B9C187B87E}
		{191C35FF-611E-4347-9147-70FD3D0090C3} = {293F9E1D-0630-4C2D-918D-E5B9C187B87E}
		{E975874A-4641-4C9F-91D0-6356D7F6FAA4} = {293F9E1D-0630-4C2D-918D-E5B9C187B87E}
		{07428A3F-C7D7-4DBD-8BDB-91D9414CF751} = {293F9E1D-0630-4C2D-918D-E5B9C187B87E}
		{AC321F9A-B739-4FF4-BB1C-8F4D5F154A83} = {293F9E1D-0630-4C2D-918D-E5B9C187B87E}
		{92B71C1A-AF9E-42F5-8D4E-4A6145C5D0E9} = {293F9E1D-0630-4C2D-918D-E5B9C187B87E}
		{71418F8E-7D25-493A-8051-85B303A0C1E4} = {293F9E1D-0630-4C2D-918D-E5B9C187B87E}
		{DCAA1A12-5424-45B0-BBF6-231A9AD7E9D2} = {293F9E1D-0630-4C2D-918D-E5B9C187B87E}
		{D96064E3-8421-4FB9-9008-A8DE0A8B38BD} = {293F9E1D-0630-4C2D-918D-E5B9C187B87E}
		{EB939280-A67C-46A6-BF06-6A0E26DBABDA} = {35693B21-E238-4DA0-971B-C9C6896995A1}
		{E39086F5-D8E4-4BB2-A1B7-EAA5DC4D70EA} = {35693B21-E238-4DA0-971B-C9C6896995A1}
		{35693B21-E238-4DA0-971B-C9C6896995A1} = {9D3705EF-5FB5-4200-8116-A4771AFE20EA}
		{39FC500B-3D6B-4E0F-BC4B-FD43D7ACB152} = {9D3705EF-5FB5-4200-8116-A4771AFE20EA}
		{E22AAB16-6C9B-4902-85C4-A2437665DB4E} = {39FC500B-3D6B-4E0F-BC4B-FD43D7ACB152}
		{0127759A-14AB-FA42-F4B6-28401117FBF3} = {39FC500B-3D6B-4E0F-BC4B-FD43D7ACB152}
		{1FF32260-EBF2-4CA4-B9FE-14DC03280C64} = {39FC500B-3D6B-4E0F-BC4B-FD43D7ACB152}
		{E9A98C2C-294F-4CD4-A0BA-813010BFA2FB} = {39FC500B-3D6B-4E0F-BC4B-FD43D7ACB152}
		{66E00F74-56A1-4935-B731-72CCE91EDE9B} = {39FC500B-3D6B-4E0F-BC4B-FD43D7ACB152}
		{C1AA4DB3-05AC-4118-929A-D55C5ED9C9BE} = {39FC500B-3D6B-4E0F-BC4B-FD43D7ACB152}
		{FD84B162-24A1-4F43-B1CF-B36A2C07653A} = {9D3705EF-5FB5-4200-8116-A4771AFE20EA}
		{916FD298-39D3-44CD-88B6-450D238D8765} = {FD84B162-24A1-4F43-B1CF-B36A2C07653A}
	EndGlobalSection
	GlobalSection(ExtensibilityGlobals) = postSolution
		SolutionGuid = {12650D40-098A-4025-85B3-9342DDBD92AD}
	EndGlobalSection
EndGlobal
